// !$*UTF8*$!
{
	archiveVersion = 1;
	classes = {
	};
	objectVersion = 48;
	objects = {

/* Begin PBXBuildFile section */
		2404875E2008459600D369FB /* AFOMediaForeignInterface.m in Sources */ = {isa = PBXBuildFile; fileRef = 240487562008459600D369FB /* AFOMediaForeignInterface.m */; };
		240487632008459600D369FB /* AFOMediaForeignInterface.h in Headers */ = {isa = PBXBuildFile; fileRef = 2404875B2008459600D369FB /* AFOMediaForeignInterface.h */; settings = {ATTRIBUTES = (Public, ); }; };
		24BAFDC01FF4B12900D2EAB9 /* AFOFFMpeg.h in Headers */ = {isa = PBXBuildFile; fileRef = 24BAFDBE1FF4B12900D2EAB9 /* AFOFFMpeg.h */; settings = {ATTRIBUTES = (Public, ); }; };
		24BAFEC61FF4BCB400D2EAB9 /* AudioToolbox.framework in Frameworks */ = {isa = PBXBuildFile; fileRef = 24BAFEC51FF4BCB400D2EAB9 /* AudioToolbox.framework */; };
		24BAFEC81FF4BCBF00D2EAB9 /* AVFoundation.framework in Frameworks */ = {isa = PBXBuildFile; fileRef = 24BAFEC71FF4BCBF00D2EAB9 /* AVFoundation.framework */; };
		24BAFECA1FF4BCD200D2EAB9 /* OpenGLES.framework in Frameworks */ = {isa = PBXBuildFile; fileRef = 24BAFEC91FF4BCD200D2EAB9 /* OpenGLES.framework */; };
		24BAFECC1FF4BCEB00D2EAB9 /* CoreImage.framework in Frameworks */ = {isa = PBXBuildFile; fileRef = 24BAFECB1FF4BCEB00D2EAB9 /* CoreImage.framework */; };
		24BAFECE1FF4BCF800D2EAB9 /* CoreGraphics.framework in Frameworks */ = {isa = PBXBuildFile; fileRef = 24BAFECD1FF4BCF800D2EAB9 /* CoreGraphics.framework */; };
		24BAFED01FF4BD0700D2EAB9 /* CoreMedia.framework in Frameworks */ = {isa = PBXBuildFile; fileRef = 24BAFECF1FF4BD0700D2EAB9 /* CoreMedia.framework */; };
		24BAFED21FF4BD1D00D2EAB9 /* VideoToolbox.framework in Frameworks */ = {isa = PBXBuildFile; fileRef = 24BAFED11FF4BD1D00D2EAB9 /* VideoToolbox.framework */; };
		24DAD27B2331CA72001D2CE4 /* AFOPlayMediaManager.h in Headers */ = {isa = PBXBuildFile; fileRef = 24DAD2362331CA6E001D2CE4 /* AFOPlayMediaManager.h */; settings = {ATTRIBUTES = (Public, ); }; };
		24DAD27C2331CA72001D2CE4 /* AFOMediaSeekFrame.m in Sources */ = {isa = PBXBuildFile; fileRef = 24DAD2372331CA6E001D2CE4 /* AFOMediaSeekFrame.m */; };
		24DAD27D2331CA72001D2CE4 /* AFOMediaManager.h in Headers */ = {isa = PBXBuildFile; fileRef = 24DAD2382331CA6E001D2CE4 /* AFOMediaManager.h */; settings = {ATTRIBUTES = (Public, ); }; };
		24DAD27E2331CA72001D2CE4 /* AFOMediaOpenGLView.h in Headers */ = {isa = PBXBuildFile; fileRef = 24DAD2392331CA6E001D2CE4 /* AFOMediaOpenGLView.h */; settings = {ATTRIBUTES = (Public, ); }; };
		24DAD27F2331CA72001D2CE4 /* AFOMediaTimer.h in Headers */ = {isa = PBXBuildFile; fileRef = 24DAD23A2331CA6E001D2CE4 /* AFOMediaTimer.h */; settings = {ATTRIBUTES = (Public, ); }; };
		24DAD2802331CA72001D2CE4 /* AFOAudioThreadDecoder.m in Sources */ = {isa = PBXBuildFile; fileRef = 24DAD23B2331CA6E001D2CE4 /* AFOAudioThreadDecoder.m */; };
		24DAD2812331CA72001D2CE4 /* AFOVideoFrameYUV.h in Headers */ = {isa = PBXBuildFile; fileRef = 24DAD23C2331CA6E001D2CE4 /* AFOVideoFrameYUV.h */; settings = {ATTRIBUTES = (Public, ); }; };
		24DAD2822331CA72001D2CE4 /* AFOMediaQueueManager.h in Headers */ = {isa = PBXBuildFile; fileRef = 24DAD23D2331CA6E001D2CE4 /* AFOMediaQueueManager.h */; settings = {ATTRIBUTES = (Public, ); }; };
		24DAD2832331CA72001D2CE4 /* AFOAudioQueue.m in Sources */ = {isa = PBXBuildFile; fileRef = 24DAD23E2331CA6E001D2CE4 /* AFOAudioQueue.m */; };
		24DAD2842331CA72001D2CE4 /* AFOMediaConditional.h in Headers */ = {isa = PBXBuildFile; fileRef = 24DAD23F2331CA6E001D2CE4 /* AFOMediaConditional.h */; settings = {ATTRIBUTES = (Public, ); }; };
		24DAD2852331CA72001D2CE4 /* AFOMediaOpenGLView.m in Sources */ = {isa = PBXBuildFile; fileRef = 24DAD2402331CA6E001D2CE4 /* AFOMediaOpenGLView.m */; };
		24DAD2862331CA72001D2CE4 /* AFOAudioManager.m in Sources */ = {isa = PBXBuildFile; fileRef = 24DAD2412331CA6F001D2CE4 /* AFOAudioManager.m */; };
		24DAD2872331CA72001D2CE4 /* AFOMediaPlayController.m in Sources */ = {isa = PBXBuildFile; fileRef = 24DAD2422331CA6F001D2CE4 /* AFOMediaPlayController.m */; };
		24DAD2882331CA72001D2CE4 /* AFOMediaSeekFrame.h in Headers */ = {isa = PBXBuildFile; fileRef = 24DAD2432331CA6F001D2CE4 /* AFOMediaSeekFrame.h */; settings = {ATTRIBUTES = (Public, ); }; };
		24DAD2892331CA72001D2CE4 /* AFOMediaPlayController+AFOGestures.h in Headers */ = {isa = PBXBuildFile; fileRef = 24DAD2442331CA6F001D2CE4 /* AFOMediaPlayController+AFOGestures.h */; settings = {ATTRIBUTES = (Public, ); }; };
		24DAD28A2331CA72001D2CE4 /* AFOMediaThumbnail.h in Headers */ = {isa = PBXBuildFile; fileRef = 24DAD2452331CA6F001D2CE4 /* AFOMediaThumbnail.h */; settings = {ATTRIBUTES = (Public, ); }; };
		24DAD28B2331CA72001D2CE4 /* AFOVideoAudioManager.h in Headers */ = {isa = PBXBuildFile; fileRef = 24DAD2462331CA6F001D2CE4 /* AFOVideoAudioManager.h */; settings = {ATTRIBUTES = (Public, ); }; };
		24DAD28C2331CA72001D2CE4 /* AFOMediaDecoder.h in Headers */ = {isa = PBXBuildFile; fileRef = 24DAD2472331CA6F001D2CE4 /* AFOMediaDecoder.h */; settings = {ATTRIBUTES = (Public, ); }; };
		24DAD28D2331CA72001D2CE4 /* AFOMediaPlayController+AFOOrientation.h in Headers */ = {isa = PBXBuildFile; fileRef = 24DAD2482331CA6F001D2CE4 /* AFOMediaPlayController+AFOOrientation.h */; settings = {ATTRIBUTES = (Public, ); }; };
		24DAD28E2331CA72001D2CE4 /* AFOMediaPlayController.h in Headers */ = {isa = PBXBuildFile; fileRef = 24DAD2492331CA6F001D2CE4 /* AFOMediaPlayController.h */; settings = {ATTRIBUTES = (Public, ); }; };
		24DAD28F2331CA72001D2CE4 /* AFOVideoFrame.m in Sources */ = {isa = PBXBuildFile; fileRef = 24DAD24A2331CA6F001D2CE4 /* AFOVideoFrame.m */; };
		24DAD2902331CA72001D2CE4 /* AFOAudioDecoder.m in Sources */ = {isa = PBXBuildFile; fileRef = 24DAD24B2331CA6F001D2CE4 /* AFOAudioDecoder.m */; };
		24DAD2912331CA72001D2CE4 /* AFOAudioOutPut.m in Sources */ = {isa = PBXBuildFile; fileRef = 24DAD24C2331CA6F001D2CE4 /* AFOAudioOutPut.m */; };
		24DAD2922331CA72001D2CE4 /* AFOMediaView.h in Headers */ = {isa = PBXBuildFile; fileRef = 24DAD24D2331CA6F001D2CE4 /* AFOMediaView.h */; settings = {ATTRIBUTES = (Public, ); }; };
		24DAD2932331CA72001D2CE4 /* AFOAudioCache.m in Sources */ = {isa = PBXBuildFile; fileRef = 24DAD24E2331CA6F001D2CE4 /* AFOAudioCache.m */; };
		24DAD2942331CA72001D2CE4 /* AFOMediaErrorString.h in Headers */ = {isa = PBXBuildFile; fileRef = 24DAD24F2331CA6F001D2CE4 /* AFOMediaErrorString.h */; settings = {ATTRIBUTES = (Public, ); }; };
		24DAD2952331CA72001D2CE4 /* AFOAudioManager.h in Headers */ = {isa = PBXBuildFile; fileRef = 24DAD2502331CA6F001D2CE4 /* AFOAudioManager.h */; settings = {ATTRIBUTES = (Public, ); }; };
		24DAD2962331CA72001D2CE4 /* AFOMediaFrame.h in Headers */ = {isa = PBXBuildFile; fileRef = 24DAD2512331CA6F001D2CE4 /* AFOMediaFrame.h */; settings = {ATTRIBUTES = (Public, ); }; };
		24DAD2972331CA72001D2CE4 /* AFOMediaManager.m in Sources */ = {isa = PBXBuildFile; fileRef = 24DAD2522331CA6F001D2CE4 /* AFOMediaManager.m */; };
		24DAD2982331CA72001D2CE4 /* AFOMediaSeekFrame+Conditional.m in Sources */ = {isa = PBXBuildFile; fileRef = 24DAD2532331CA70001D2CE4 /* AFOMediaSeekFrame+Conditional.m */; };
		24DAD2992331CA72001D2CE4 /* AFOMediaFrameImport.h in Headers */ = {isa = PBXBuildFile; fileRef = 24DAD2542331CA70001D2CE4 /* AFOMediaFrameImport.h */; settings = {ATTRIBUTES = (Public, ); }; };
		24DAD29A2331CA72001D2CE4 /* AFOMediaFrame.m in Sources */ = {isa = PBXBuildFile; fileRef = 24DAD2552331CA70001D2CE4 /* AFOMediaFrame.m */; };
		24DAD29B2331CA72001D2CE4 /* AFOAudioPacket.m in Sources */ = {isa = PBXBuildFile; fileRef = 24DAD2562331CA70001D2CE4 /* AFOAudioPacket.m */; };
		24DAD29C2331CA72001D2CE4 /* AFOMediaThumbnail.m in Sources */ = {isa = PBXBuildFile; fileRef = 24DAD2572331CA70001D2CE4 /* AFOMediaThumbnail.m */; };
		24DAD29D2331CA72001D2CE4 /* AFOMediaErrorCodeManager.m in Sources */ = {isa = PBXBuildFile; fileRef = 24DAD2582331CA70001D2CE4 /* AFOMediaErrorCodeManager.m */; };
		24DAD29E2331CA72001D2CE4 /* AFOMediaDecoder.m in Sources */ = {isa = PBXBuildFile; fileRef = 24DAD2592331CA70001D2CE4 /* AFOMediaDecoder.m */; };
		24DAD29F2331CA72001D2CE4 /* AFOGenerateImages.m in Sources */ = {isa = PBXBuildFile; fileRef = 24DAD25A2331CA70001D2CE4 /* AFOGenerateImages.m */; };
		24DAD2A12331CA72001D2CE4 /* AFOMediaPlayController+AFOOrientation.m in Sources */ = {isa = PBXBuildFile; fileRef = 24DAD25C2331CA70001D2CE4 /* AFOMediaPlayController+AFOOrientation.m */; };
		24DAD2A22331CA72001D2CE4 /* AFOMediaTimer.m in Sources */ = {isa = PBXBuildFile; fileRef = 24DAD25D2331CA70001D2CE4 /* AFOMediaTimer.m */; };
		24DAD2A32331CA72001D2CE4 /* AFOAudioOutPut.h in Headers */ = {isa = PBXBuildFile; fileRef = 24DAD25E2331CA70001D2CE4 /* AFOAudioOutPut.h */; settings = {ATTRIBUTES = (Public, ); }; };
		24DAD2A42331CA72001D2CE4 /* AFOAudioSession.m in Sources */ = {isa = PBXBuildFile; fileRef = 24DAD25F2331CA70001D2CE4 /* AFOAudioSession.m */; };
		24DAD2A52331CA72001D2CE4 /* AFOAudioQueue.h in Headers */ = {isa = PBXBuildFile; fileRef = 24DAD2602331CA70001D2CE4 /* AFOAudioQueue.h */; settings = {ATTRIBUTES = (Public, ); }; };
		24DAD2A62331CA72001D2CE4 /* AFOAudioDecoder.h in Headers */ = {isa = PBXBuildFile; fileRef = 24DAD2612331CA70001D2CE4 /* AFOAudioDecoder.h */; settings = {ATTRIBUTES = (Public, ); }; };
		24DAD2A72331CA72001D2CE4 /* AFOMediaYUV.m in Sources */ = {isa = PBXBuildFile; fileRef = 24DAD2622331CA70001D2CE4 /* AFOMediaYUV.m */; };
		24DAD2A82331CA72001D2CE4 /* AFOVideoAudioManager.m in Sources */ = {isa = PBXBuildFile; fileRef = 24DAD2632331CA71001D2CE4 /* AFOVideoAudioManager.m */; };
		24DAD2A92331CA72001D2CE4 /* AFOVideoFrame.h in Headers */ = {isa = PBXBuildFile; fileRef = 24DAD2642331CA71001D2CE4 /* AFOVideoFrame.h */; settings = {ATTRIBUTES = (Public, ); }; };
		24DAD2AB2331CA72001D2CE4 /* AFOVideoFrameRGB.m in Sources */ = {isa = PBXBuildFile; fileRef = 24DAD2662331CA71001D2CE4 /* AFOVideoFrameRGB.m */; };
		24DAD2AC2331CA72001D2CE4 /* AFOGenerateImages.h in Headers */ = {isa = PBXBuildFile; fileRef = 24DAD2672331CA71001D2CE4 /* AFOGenerateImages.h */; settings = {ATTRIBUTES = (Public, ); }; };
		24DAD2AD2331CA72001D2CE4 /* AFOMediaPlayController+AFOGestures.m in Sources */ = {isa = PBXBuildFile; fileRef = 24DAD2682331CA71001D2CE4 /* AFOMediaPlayController+AFOGestures.m */; };
		24DAD2AE2331CA72001D2CE4 /* AFOMediaView.m in Sources */ = {isa = PBXBuildFile; fileRef = 24DAD2692331CA71001D2CE4 /* AFOMediaView.m */; };
		24DAD2B02331CA72001D2CE4 /* AFOMediaControlView.h in Headers */ = {isa = PBXBuildFile; fileRef = 24DAD26B2331CA71001D2CE4 /* AFOMediaControlView.h */; settings = {ATTRIBUTES = (Public, ); }; };
		24DAD2B12331CA72001D2CE4 /* AFOPlayMediaManager.m in Sources */ = {isa = PBXBuildFile; fileRef = 24DAD26C2331CA71001D2CE4 /* AFOPlayMediaManager.m */; };
		24DAD2B22331CA72001D2CE4 /* AFOMediaConditional.m in Sources */ = {isa = PBXBuildFile; fileRef = 24DAD26D2331CA71001D2CE4 /* AFOMediaConditional.m */; };
		24DAD2B32331CA72001D2CE4 /* AFOAudioCache.h in Headers */ = {isa = PBXBuildFile; fileRef = 24DAD26E2331CA71001D2CE4 /* AFOAudioCache.h */; settings = {ATTRIBUTES = (Public, ); }; };
		24DAD2B42331CA72001D2CE4 /* AFOVideoFrameYUV.m in Sources */ = {isa = PBXBuildFile; fileRef = 24DAD26F2331CA71001D2CE4 /* AFOVideoFrameYUV.m */; };
		24DAD2B52331CA72001D2CE4 /* AFOAudioPacket.h in Headers */ = {isa = PBXBuildFile; fileRef = 24DAD2702331CA71001D2CE4 /* AFOAudioPacket.h */; settings = {ATTRIBUTES = (Public, ); }; };
		24DAD2B62331CA72001D2CE4 /* AFOVideoFrameRGB.h in Headers */ = {isa = PBXBuildFile; fileRef = 24DAD2712331CA71001D2CE4 /* AFOVideoFrameRGB.h */; settings = {ATTRIBUTES = (Public, ); }; };
		24DAD2B82331CA72001D2CE4 /* AFOMediaErrorCodeManager.h in Headers */ = {isa = PBXBuildFile; fileRef = 24DAD2732331CA71001D2CE4 /* AFOMediaErrorCodeManager.h */; settings = {ATTRIBUTES = (Public, ); }; };
		24DAD2B92331CA72001D2CE4 /* AFOMediaQueueManager.m in Sources */ = {isa = PBXBuildFile; fileRef = 24DAD2742331CA72001D2CE4 /* AFOMediaQueueManager.m */; };
		24DAD2BA2331CA72001D2CE4 /* AFOAudioSession.h in Headers */ = {isa = PBXBuildFile; fileRef = 24DAD2752331CA72001D2CE4 /* AFOAudioSession.h */; settings = {ATTRIBUTES = (Public, ); }; };
		24DAD2BB2331CA72001D2CE4 /* AFOAudioThreadDecoder.h in Headers */ = {isa = PBXBuildFile; fileRef = 24DAD2762331CA72001D2CE4 /* AFOAudioThreadDecoder.h */; settings = {ATTRIBUTES = (Public, ); }; };
		24DAD2BC2331CA72001D2CE4 /* AFOMediaPlayControllerCategory.h in Headers */ = {isa = PBXBuildFile; fileRef = 24DAD2772331CA72001D2CE4 /* AFOMediaPlayControllerCategory.h */; settings = {ATTRIBUTES = (Public, ); }; };
		24DAD2BD2331CA72001D2CE4 /* AFOMediaYUV.h in Headers */ = {isa = PBXBuildFile; fileRef = 24DAD2782331CA72001D2CE4 /* AFOMediaYUV.h */; settings = {ATTRIBUTES = (Public, ); }; };
		24DAD2BE2331CA72001D2CE4 /* AFOMediaSeekFrame+Conditional.h in Headers */ = {isa = PBXBuildFile; fileRef = 24DAD2792331CA72001D2CE4 /* AFOMediaSeekFrame+Conditional.h */; settings = {ATTRIBUTES = (Public, ); }; };
		24DAD2BF2331CA72001D2CE4 /* AFOMediaControlView.m in Sources */ = {isa = PBXBuildFile; fileRef = 24DAD27A2331CA72001D2CE4 /* AFOMediaControlView.m */; };
		922E6559DEB8E99FA090F6B5 /* libPods-AFOFFMpeg.a in Frameworks */ = {isa = PBXBuildFile; fileRef = E6C3DF97E31429DA00550B5A /* libPods-AFOFFMpeg.a */; };
/* End PBXBuildFile section */

/* Begin PBXCopyFilesBuildPhase section */
		24BAFED81FF4D9A200D2EAB9 /* CopyFiles */ = {
			isa = PBXCopyFilesBuildPhase;
			buildActionMask = 12;
			dstPath = "";
			dstSubfolderSpec = 10;
			files = (
			);
			runOnlyForDeploymentPostprocessing = 0;
		};
/* End PBXCopyFilesBuildPhase section */

/* Begin PBXFileReference section */
		240487562008459600D369FB /* AFOMediaForeignInterface.m */ = {isa = PBXFileReference; fileEncoding = 4; lastKnownFileType = sourcecode.c.objc; path = AFOMediaForeignInterface.m; sourceTree = "<group>"; };
		2404875B2008459600D369FB /* AFOMediaForeignInterface.h */ = {isa = PBXFileReference; fileEncoding = 4; lastKnownFileType = sourcecode.c.h; path = AFOMediaForeignInterface.h; sourceTree = "<group>"; };
		2408BB3C200877D80049060F /* libsqlite3.tbd */ = {isa = PBXFileReference; lastKnownFileType = "sourcecode.text-based-dylib-definition"; name = libsqlite3.tbd; path = usr/lib/libsqlite3.tbd; sourceTree = SDKROOT; };
		24A59FB82008382B00311ACB /* libz.tbd */ = {isa = PBXFileReference; lastKnownFileType = "sourcecode.text-based-dylib-definition"; name = libz.tbd; path = usr/lib/libz.tbd; sourceTree = SDKROOT; };
		24A59FBA2008386B00311ACB /* libbz2.tbd */ = {isa = PBXFileReference; lastKnownFileType = "sourcecode.text-based-dylib-definition"; name = libbz2.tbd; path = usr/lib/libbz2.tbd; sourceTree = SDKROOT; };
		24A59FBC2008387200311ACB /* libiconv.tbd */ = {isa = PBXFileReference; lastKnownFileType = "sourcecode.text-based-dylib-definition"; name = libiconv.tbd; path = usr/lib/libiconv.tbd; sourceTree = SDKROOT; };
		24BAFDBB1FF4B12900D2EAB9 /* AFOFFMpeg.framework */ = {isa = PBXFileReference; explicitFileType = wrapper.framework; includeInIndex = 0; path = AFOFFMpeg.framework; sourceTree = BUILT_PRODUCTS_DIR; };
		24BAFDBE1FF4B12900D2EAB9 /* AFOFFMpeg.h */ = {isa = PBXFileReference; lastKnownFileType = sourcecode.c.h; path = AFOFFMpeg.h; sourceTree = "<group>"; };
		24BAFEC51FF4BCB400D2EAB9 /* AudioToolbox.framework */ = {isa = PBXFileReference; lastKnownFileType = wrapper.framework; name = AudioToolbox.framework; path = System/Library/Frameworks/AudioToolbox.framework; sourceTree = SDKROOT; };
		24BAFEC71FF4BCBF00D2EAB9 /* AVFoundation.framework */ = {isa = PBXFileReference; lastKnownFileType = wrapper.framework; name = AVFoundation.framework; path = System/Library/Frameworks/AVFoundation.framework; sourceTree = SDKROOT; };
		24BAFEC91FF4BCD200D2EAB9 /* OpenGLES.framework */ = {isa = PBXFileReference; lastKnownFileType = wrapper.framework; name = OpenGLES.framework; path = System/Library/Frameworks/OpenGLES.framework; sourceTree = SDKROOT; };
		24BAFECB1FF4BCEB00D2EAB9 /* CoreImage.framework */ = {isa = PBXFileReference; lastKnownFileType = wrapper.framework; name = CoreImage.framework; path = System/Library/Frameworks/CoreImage.framework; sourceTree = SDKROOT; };
		24BAFECD1FF4BCF800D2EAB9 /* CoreGraphics.framework */ = {isa = PBXFileReference; lastKnownFileType = wrapper.framework; name = CoreGraphics.framework; path = System/Library/Frameworks/CoreGraphics.framework; sourceTree = SDKROOT; };
		24BAFECF1FF4BD0700D2EAB9 /* CoreMedia.framework */ = {isa = PBXFileReference; lastKnownFileType = wrapper.framework; name = CoreMedia.framework; path = System/Library/Frameworks/CoreMedia.framework; sourceTree = SDKROOT; };
		24BAFED11FF4BD1D00D2EAB9 /* VideoToolbox.framework */ = {isa = PBXFileReference; lastKnownFileType = wrapper.framework; name = VideoToolbox.framework; path = System/Library/Frameworks/VideoToolbox.framework; sourceTree = SDKROOT; };
		24DAD2362331CA6E001D2CE4 /* AFOPlayMediaManager.h */ = {isa = PBXFileReference; fileEncoding = 4; lastKnownFileType = sourcecode.c.h; path = AFOPlayMediaManager.h; sourceTree = "<group>"; };
		24DAD2372331CA6E001D2CE4 /* AFOMediaSeekFrame.m */ = {isa = PBXFileReference; fileEncoding = 4; lastKnownFileType = sourcecode.c.objc; path = AFOMediaSeekFrame.m; sourceTree = "<group>"; };
		24DAD2382331CA6E001D2CE4 /* AFOMediaManager.h */ = {isa = PBXFileReference; fileEncoding = 4; lastKnownFileType = sourcecode.c.h; path = AFOMediaManager.h; sourceTree = "<group>"; };
		24DAD2392331CA6E001D2CE4 /* AFOMediaOpenGLView.h */ = {isa = PBXFileReference; fileEncoding = 4; lastKnownFileType = sourcecode.c.h; path = AFOMediaOpenGLView.h; sourceTree = "<group>"; };
		24DAD23A2331CA6E001D2CE4 /* AFOMediaTimer.h */ = {isa = PBXFileReference; fileEncoding = 4; lastKnownFileType = sourcecode.c.h; path = AFOMediaTimer.h; sourceTree = "<group>"; };
		24DAD23B2331CA6E001D2CE4 /* AFOAudioThreadDecoder.m */ = {isa = PBXFileReference; fileEncoding = 4; lastKnownFileType = sourcecode.c.objc; path = AFOAudioThreadDecoder.m; sourceTree = "<group>"; };
		24DAD23C2331CA6E001D2CE4 /* AFOVideoFrameYUV.h */ = {isa = PBXFileReference; fileEncoding = 4; lastKnownFileType = sourcecode.c.h; path = AFOVideoFrameYUV.h; sourceTree = "<group>"; };
		24DAD23D2331CA6E001D2CE4 /* AFOMediaQueueManager.h */ = {isa = PBXFileReference; fileEncoding = 4; lastKnownFileType = sourcecode.c.h; path = AFOMediaQueueManager.h; sourceTree = "<group>"; };
		24DAD23E2331CA6E001D2CE4 /* AFOAudioQueue.m */ = {isa = PBXFileReference; fileEncoding = 4; lastKnownFileType = sourcecode.c.objc; path = AFOAudioQueue.m; sourceTree = "<group>"; };
		24DAD23F2331CA6E001D2CE4 /* AFOMediaConditional.h */ = {isa = PBXFileReference; fileEncoding = 4; lastKnownFileType = sourcecode.c.h; path = AFOMediaConditional.h; sourceTree = "<group>"; };
		24DAD2402331CA6E001D2CE4 /* AFOMediaOpenGLView.m */ = {isa = PBXFileReference; fileEncoding = 4; lastKnownFileType = sourcecode.c.objc; path = AFOMediaOpenGLView.m; sourceTree = "<group>"; };
		24DAD2412331CA6F001D2CE4 /* AFOAudioManager.m */ = {isa = PBXFileReference; fileEncoding = 4; lastKnownFileType = sourcecode.c.objc; path = AFOAudioManager.m; sourceTree = "<group>"; };
		24DAD2422331CA6F001D2CE4 /* AFOMediaPlayController.m */ = {isa = PBXFileReference; fileEncoding = 4; lastKnownFileType = sourcecode.c.objc; path = AFOMediaPlayController.m; sourceTree = "<group>"; };
		24DAD2432331CA6F001D2CE4 /* AFOMediaSeekFrame.h */ = {isa = PBXFileReference; fileEncoding = 4; lastKnownFileType = sourcecode.c.h; path = AFOMediaSeekFrame.h; sourceTree = "<group>"; };
		24DAD2442331CA6F001D2CE4 /* AFOMediaPlayController+AFOGestures.h */ = {isa = PBXFileReference; fileEncoding = 4; lastKnownFileType = sourcecode.c.h; path = "AFOMediaPlayController+AFOGestures.h"; sourceTree = "<group>"; };
		24DAD2452331CA6F001D2CE4 /* AFOMediaThumbnail.h */ = {isa = PBXFileReference; fileEncoding = 4; lastKnownFileType = sourcecode.c.h; path = AFOMediaThumbnail.h; sourceTree = "<group>"; };
		24DAD2462331CA6F001D2CE4 /* AFOVideoAudioManager.h */ = {isa = PBXFileReference; fileEncoding = 4; lastKnownFileType = sourcecode.c.h; path = AFOVideoAudioManager.h; sourceTree = "<group>"; };
		24DAD2472331CA6F001D2CE4 /* AFOMediaDecoder.h */ = {isa = PBXFileReference; fileEncoding = 4; lastKnownFileType = sourcecode.c.h; path = AFOMediaDecoder.h; sourceTree = "<group>"; };
		24DAD2482331CA6F001D2CE4 /* AFOMediaPlayController+AFOOrientation.h */ = {isa = PBXFileReference; fileEncoding = 4; lastKnownFileType = sourcecode.c.h; path = "AFOMediaPlayController+AFOOrientation.h"; sourceTree = "<group>"; };
		24DAD2492331CA6F001D2CE4 /* AFOMediaPlayController.h */ = {isa = PBXFileReference; fileEncoding = 4; lastKnownFileType = sourcecode.c.h; path = AFOMediaPlayController.h; sourceTree = "<group>"; };
		24DAD24A2331CA6F001D2CE4 /* AFOVideoFrame.m */ = {isa = PBXFileReference; fileEncoding = 4; lastKnownFileType = sourcecode.c.objc; path = AFOVideoFrame.m; sourceTree = "<group>"; };
		24DAD24B2331CA6F001D2CE4 /* AFOAudioDecoder.m */ = {isa = PBXFileReference; fileEncoding = 4; lastKnownFileType = sourcecode.c.objc; path = AFOAudioDecoder.m; sourceTree = "<group>"; };
		24DAD24C2331CA6F001D2CE4 /* AFOAudioOutPut.m */ = {isa = PBXFileReference; fileEncoding = 4; lastKnownFileType = sourcecode.c.objc; path = AFOAudioOutPut.m; sourceTree = "<group>"; };
		24DAD24D2331CA6F001D2CE4 /* AFOMediaView.h */ = {isa = PBXFileReference; fileEncoding = 4; lastKnownFileType = sourcecode.c.h; path = AFOMediaView.h; sourceTree = "<group>"; };
		24DAD24E2331CA6F001D2CE4 /* AFOAudioCache.m */ = {isa = PBXFileReference; fileEncoding = 4; lastKnownFileType = sourcecode.c.objc; path = AFOAudioCache.m; sourceTree = "<group>"; };
		24DAD24F2331CA6F001D2CE4 /* AFOMediaErrorString.h */ = {isa = PBXFileReference; fileEncoding = 4; lastKnownFileType = sourcecode.c.h; path = AFOMediaErrorString.h; sourceTree = "<group>"; };
		24DAD2502331CA6F001D2CE4 /* AFOAudioManager.h */ = {isa = PBXFileReference; fileEncoding = 4; lastKnownFileType = sourcecode.c.h; path = AFOAudioManager.h; sourceTree = "<group>"; };
		24DAD2512331CA6F001D2CE4 /* AFOMediaFrame.h */ = {isa = PBXFileReference; fileEncoding = 4; lastKnownFileType = sourcecode.c.h; path = AFOMediaFrame.h; sourceTree = "<group>"; };
		24DAD2522331CA6F001D2CE4 /* AFOMediaManager.m */ = {isa = PBXFileReference; fileEncoding = 4; lastKnownFileType = sourcecode.c.objc; path = AFOMediaManager.m; sourceTree = "<group>"; };
		24DAD2532331CA70001D2CE4 /* AFOMediaSeekFrame+Conditional.m */ = {isa = PBXFileReference; fileEncoding = 4; lastKnownFileType = sourcecode.c.objc; path = "AFOMediaSeekFrame+Conditional.m"; sourceTree = "<group>"; };
		24DAD2542331CA70001D2CE4 /* AFOMediaFrameImport.h */ = {isa = PBXFileReference; fileEncoding = 4; lastKnownFileType = sourcecode.c.h; path = AFOMediaFrameImport.h; sourceTree = "<group>"; };
		24DAD2552331CA70001D2CE4 /* AFOMediaFrame.m */ = {isa = PBXFileReference; fileEncoding = 4; lastKnownFileType = sourcecode.c.objc; path = AFOMediaFrame.m; sourceTree = "<group>"; };
		24DAD2562331CA70001D2CE4 /* AFOAudioPacket.m */ = {isa = PBXFileReference; fileEncoding = 4; lastKnownFileType = sourcecode.c.objc; path = AFOAudioPacket.m; sourceTree = "<group>"; };
		24DAD2572331CA70001D2CE4 /* AFOMediaThumbnail.m */ = {isa = PBXFileReference; fileEncoding = 4; lastKnownFileType = sourcecode.c.objc; path = AFOMediaThumbnail.m; sourceTree = "<group>"; };
		24DAD2582331CA70001D2CE4 /* AFOMediaErrorCodeManager.m */ = {isa = PBXFileReference; fileEncoding = 4; lastKnownFileType = sourcecode.c.objc; path = AFOMediaErrorCodeManager.m; sourceTree = "<group>"; };
		24DAD2592331CA70001D2CE4 /* AFOMediaDecoder.m */ = {isa = PBXFileReference; fileEncoding = 4; lastKnownFileType = sourcecode.c.objc; path = AFOMediaDecoder.m; sourceTree = "<group>"; };
		24DAD25A2331CA70001D2CE4 /* AFOGenerateImages.m */ = {isa = PBXFileReference; fileEncoding = 4; lastKnownFileType = sourcecode.c.objc; path = AFOGenerateImages.m; sourceTree = "<group>"; };
		24DAD25C2331CA70001D2CE4 /* AFOMediaPlayController+AFOOrientation.m */ = {isa = PBXFileReference; fileEncoding = 4; lastKnownFileType = sourcecode.c.objc; path = "AFOMediaPlayController+AFOOrientation.m"; sourceTree = "<group>"; };
		24DAD25D2331CA70001D2CE4 /* AFOMediaTimer.m */ = {isa = PBXFileReference; fileEncoding = 4; lastKnownFileType = sourcecode.c.objc; path = AFOMediaTimer.m; sourceTree = "<group>"; };
		24DAD25E2331CA70001D2CE4 /* AFOAudioOutPut.h */ = {isa = PBXFileReference; fileEncoding = 4; lastKnownFileType = sourcecode.c.h; path = AFOAudioOutPut.h; sourceTree = "<group>"; };
		24DAD25F2331CA70001D2CE4 /* AFOAudioSession.m */ = {isa = PBXFileReference; fileEncoding = 4; lastKnownFileType = sourcecode.c.objc; path = AFOAudioSession.m; sourceTree = "<group>"; };
		24DAD2602331CA70001D2CE4 /* AFOAudioQueue.h */ = {isa = PBXFileReference; fileEncoding = 4; lastKnownFileType = sourcecode.c.h; path = AFOAudioQueue.h; sourceTree = "<group>"; };
		24DAD2612331CA70001D2CE4 /* AFOAudioDecoder.h */ = {isa = PBXFileReference; fileEncoding = 4; lastKnownFileType = sourcecode.c.h; path = AFOAudioDecoder.h; sourceTree = "<group>"; };
		24DAD2622331CA70001D2CE4 /* AFOMediaYUV.m */ = {isa = PBXFileReference; fileEncoding = 4; lastKnownFileType = sourcecode.c.objc; path = AFOMediaYUV.m; sourceTree = "<group>"; };
		24DAD2632331CA71001D2CE4 /* AFOVideoAudioManager.m */ = {isa = PBXFileReference; fileEncoding = 4; lastKnownFileType = sourcecode.c.objc; path = AFOVideoAudioManager.m; sourceTree = "<group>"; };
		24DAD2642331CA71001D2CE4 /* AFOVideoFrame.h */ = {isa = PBXFileReference; fileEncoding = 4; lastKnownFileType = sourcecode.c.h; path = AFOVideoFrame.h; sourceTree = "<group>"; };
		24DAD2662331CA71001D2CE4 /* AFOVideoFrameRGB.m */ = {isa = PBXFileReference; fileEncoding = 4; lastKnownFileType = sourcecode.c.objc; path = AFOVideoFrameRGB.m; sourceTree = "<group>"; };
		24DAD2672331CA71001D2CE4 /* AFOGenerateImages.h */ = {isa = PBXFileReference; fileEncoding = 4; lastKnownFileType = sourcecode.c.h; path = AFOGenerateImages.h; sourceTree = "<group>"; };
		24DAD2682331CA71001D2CE4 /* AFOMediaPlayController+AFOGestures.m */ = {isa = PBXFileReference; fileEncoding = 4; lastKnownFileType = sourcecode.c.objc; path = "AFOMediaPlayController+AFOGestures.m"; sourceTree = "<group>"; };
		24DAD2692331CA71001D2CE4 /* AFOMediaView.m */ = {isa = PBXFileReference; fileEncoding = 4; lastKnownFileType = sourcecode.c.objc; path = AFOMediaView.m; sourceTree = "<group>"; };
		24DAD26B2331CA71001D2CE4 /* AFOMediaControlView.h */ = {isa = PBXFileReference; fileEncoding = 4; lastKnownFileType = sourcecode.c.h; path = AFOMediaControlView.h; sourceTree = "<group>"; };
		24DAD26C2331CA71001D2CE4 /* AFOPlayMediaManager.m */ = {isa = PBXFileReference; fileEncoding = 4; lastKnownFileType = sourcecode.c.objc; path = AFOPlayMediaManager.m; sourceTree = "<group>"; };
		24DAD26D2331CA71001D2CE4 /* AFOMediaConditional.m */ = {isa = PBXFileReference; fileEncoding = 4; lastKnownFileType = sourcecode.c.objc; path = AFOMediaConditional.m; sourceTree = "<group>"; };
		24DAD26E2331CA71001D2CE4 /* AFOAudioCache.h */ = {isa = PBXFileReference; fileEncoding = 4; lastKnownFileType = sourcecode.c.h; path = AFOAudioCache.h; sourceTree = "<group>"; };
		24DAD26F2331CA71001D2CE4 /* AFOVideoFrameYUV.m */ = {isa = PBXFileReference; fileEncoding = 4; lastKnownFileType = sourcecode.c.objc; path = AFOVideoFrameYUV.m; sourceTree = "<group>"; };
		24DAD2702331CA71001D2CE4 /* AFOAudioPacket.h */ = {isa = PBXFileReference; fileEncoding = 4; lastKnownFileType = sourcecode.c.h; path = AFOAudioPacket.h; sourceTree = "<group>"; };
		24DAD2712331CA71001D2CE4 /* AFOVideoFrameRGB.h */ = {isa = PBXFileReference; fileEncoding = 4; lastKnownFileType = sourcecode.c.h; path = AFOVideoFrameRGB.h; sourceTree = "<group>"; };
		24DAD2732331CA71001D2CE4 /* AFOMediaErrorCodeManager.h */ = {isa = PBXFileReference; fileEncoding = 4; lastKnownFileType = sourcecode.c.h; path = AFOMediaErrorCodeManager.h; sourceTree = "<group>"; };
		24DAD2742331CA72001D2CE4 /* AFOMediaQueueManager.m */ = {isa = PBXFileReference; fileEncoding = 4; lastKnownFileType = sourcecode.c.objc; path = AFOMediaQueueManager.m; sourceTree = "<group>"; };
		24DAD2752331CA72001D2CE4 /* AFOAudioSession.h */ = {isa = PBXFileReference; fileEncoding = 4; lastKnownFileType = sourcecode.c.h; path = AFOAudioSession.h; sourceTree = "<group>"; };
		24DAD2762331CA72001D2CE4 /* AFOAudioThreadDecoder.h */ = {isa = PBXFileReference; fileEncoding = 4; lastKnownFileType = sourcecode.c.h; path = AFOAudioThreadDecoder.h; sourceTree = "<group>"; };
		24DAD2772331CA72001D2CE4 /* AFOMediaPlayControllerCategory.h */ = {isa = PBXFileReference; fileEncoding = 4; lastKnownFileType = sourcecode.c.h; path = AFOMediaPlayControllerCategory.h; sourceTree = "<group>"; };
		24DAD2782331CA72001D2CE4 /* AFOMediaYUV.h */ = {isa = PBXFileReference; fileEncoding = 4; lastKnownFileType = sourcecode.c.h; path = AFOMediaYUV.h; sourceTree = "<group>"; };
		24DAD2792331CA72001D2CE4 /* AFOMediaSeekFrame+Conditional.h */ = {isa = PBXFileReference; fileEncoding = 4; lastKnownFileType = sourcecode.c.h; path = "AFOMediaSeekFrame+Conditional.h"; sourceTree = "<group>"; };
		24DAD27A2331CA72001D2CE4 /* AFOMediaControlView.m */ = {isa = PBXFileReference; fileEncoding = 4; lastKnownFileType = sourcecode.c.objc; path = AFOMediaControlView.m; sourceTree = "<group>"; };
		24E5942423311A2500682DF7 /* AFOFFMpeg.pch */ = {isa = PBXFileReference; lastKnownFileType = sourcecode.c.h; name = AFOFFMpeg.pch; path = AFOFFMpeg/AFOFFMpeg.pch; sourceTree = "<group>"; };
		8D4CA313006449D6B479D8FD /* Pods-AFOFFMpeg.release.xcconfig */ = {isa = PBXFileReference; includeInIndex = 1; lastKnownFileType = text.xcconfig; name = "Pods-AFOFFMpeg.release.xcconfig"; path = "Target Support Files/Pods-AFOFFMpeg/Pods-AFOFFMpeg.release.xcconfig"; sourceTree = "<group>"; };
		C215BB64AD96FF0492A70BBA /* Pods-AFOFFMpeg.debug.xcconfig */ = {isa = PBXFileReference; includeInIndex = 1; lastKnownFileType = text.xcconfig; name = "Pods-AFOFFMpeg.debug.xcconfig"; path = "Target Support Files/Pods-AFOFFMpeg/Pods-AFOFFMpeg.debug.xcconfig"; sourceTree = "<group>"; };
		E6C3DF97E31429DA00550B5A /* libPods-AFOFFMpeg.a */ = {isa = PBXFileReference; explicitFileType = archive.ar; includeInIndex = 0; path = "libPods-AFOFFMpeg.a"; sourceTree = BUILT_PRODUCTS_DIR; };
/* End PBXFileReference section */

/* Begin PBXFrameworksBuildPhase section */
		24BAFDB71FF4B12900D2EAB9 /* Frameworks */ = {
			isa = PBXFrameworksBuildPhase;
			buildActionMask = 2147483647;
			files = (
				922E6559DEB8E99FA090F6B5 /* libPods-AFOFFMpeg.a in Frameworks */,
				24BAFED21FF4BD1D00D2EAB9 /* VideoToolbox.framework in Frameworks */,
				24BAFED01FF4BD0700D2EAB9 /* CoreMedia.framework in Frameworks */,
				24BAFECE1FF4BCF800D2EAB9 /* CoreGraphics.framework in Frameworks */,
				24BAFECC1FF4BCEB00D2EAB9 /* CoreImage.framework in Frameworks */,
				24BAFECA1FF4BCD200D2EAB9 /* OpenGLES.framework in Frameworks */,
				24BAFEC81FF4BCBF00D2EAB9 /* AVFoundation.framework in Frameworks */,
				24BAFEC61FF4BCB400D2EAB9 /* AudioToolbox.framework in Frameworks */,
			);
			runOnlyForDeploymentPostprocessing = 0;
		};
/* End PBXFrameworksBuildPhase section */

/* Begin PBXGroup section */
		24BAFDB11FF4B12900D2EAB9 = {
			isa = PBXGroup;
			children = (
				24BAFDBD1FF4B12900D2EAB9 /* AFOFFMpeg */,
				24BAFDBC1FF4B12900D2EAB9 /* Products */,
				24BAFEC41FF4BCB400D2EAB9 /* Frameworks */,
				24E5942423311A2500682DF7 /* AFOFFMpeg.pch */,
				D355983552DD45887E11029F /* Pods */,
			);
			sourceTree = "<group>";
		};
		24BAFDBC1FF4B12900D2EAB9 /* Products */ = {
			isa = PBXGroup;
			children = (
				24BAFDBB1FF4B12900D2EAB9 /* AFOFFMpeg.framework */,
			);
			name = Products;
			sourceTree = "<group>";
		};
		24BAFDBD1FF4B12900D2EAB9 /* AFOFFMpeg */ = {
			isa = PBXGroup;
			children = (
				24BAFDBE1FF4B12900D2EAB9 /* AFOFFMpeg.h */,
				2404875B2008459600D369FB /* AFOMediaForeignInterface.h */,
				240487562008459600D369FB /* AFOMediaForeignInterface.m */,
				24DAD2C02331CA9C001D2CE4 /* media */,
			);
			path = AFOFFMpeg;
			sourceTree = "<group>";
		};
		24BAFEC41FF4BCB400D2EAB9 /* Frameworks */ = {
			isa = PBXGroup;
			children = (
				2408BB3C200877D80049060F /* libsqlite3.tbd */,
				24A59FBC2008387200311ACB /* libiconv.tbd */,
				24A59FBA2008386B00311ACB /* libbz2.tbd */,
				24A59FB82008382B00311ACB /* libz.tbd */,
				24BAFED11FF4BD1D00D2EAB9 /* VideoToolbox.framework */,
				24BAFECF1FF4BD0700D2EAB9 /* CoreMedia.framework */,
				24BAFECD1FF4BCF800D2EAB9 /* CoreGraphics.framework */,
				24BAFECB1FF4BCEB00D2EAB9 /* CoreImage.framework */,
				24BAFEC91FF4BCD200D2EAB9 /* OpenGLES.framework */,
				24BAFEC71FF4BCBF00D2EAB9 /* AVFoundation.framework */,
				24BAFEC51FF4BCB400D2EAB9 /* AudioToolbox.framework */,
				E6C3DF97E31429DA00550B5A /* libPods-AFOFFMpeg.a */,
			);
			name = Frameworks;
			sourceTree = "<group>";
		};
		24DAD2C02331CA9C001D2CE4 /* media */ = {
			isa = PBXGroup;
			children = (
				24DAD2C12331CAE2001D2CE4 /* audio */,
				722D3D562338E9D200201ACB /* error */,
				722D3D582338ED7B00201ACB /* openGL */,
				722D3D572338E9F600201ACB /* play */,
				722D3D592338EDA800201ACB /* format */,
				722D3D5A2338EDFC00201ACB /* seek */,
				722D3D5B2338EE1800201ACB /* manager */,
				722D3D5E2338EEBB00201ACB /* decoder */,
				722D3D5D2338EE8500201ACB /* mediaFrame */,
				722D3D5C2338EE6600201ACB /* viewModels */,
				722D3D5F2338EEDF00201ACB /* view */,
			);
			path = media;
			sourceTree = "<group>";
		};
		24DAD2C12331CAE2001D2CE4 /* audio */ = {
			isa = PBXGroup;
			children = (
				24DAD26E2331CA71001D2CE4 /* AFOAudioCache.h */,
				24DAD24E2331CA6F001D2CE4 /* AFOAudioCache.m */,
				24DAD2612331CA70001D2CE4 /* AFOAudioDecoder.h */,
				24DAD24B2331CA6F001D2CE4 /* AFOAudioDecoder.m */,
				24DAD2502331CA6F001D2CE4 /* AFOAudioManager.h */,
				24DAD2412331CA6F001D2CE4 /* AFOAudioManager.m */,
				24DAD25E2331CA70001D2CE4 /* AFOAudioOutPut.h */,
				24DAD24C2331CA6F001D2CE4 /* AFOAudioOutPut.m */,
				24DAD2702331CA71001D2CE4 /* AFOAudioPacket.h */,
				24DAD2562331CA70001D2CE4 /* AFOAudioPacket.m */,
				24DAD2602331CA70001D2CE4 /* AFOAudioQueue.h */,
				24DAD23E2331CA6E001D2CE4 /* AFOAudioQueue.m */,
				24DAD2752331CA72001D2CE4 /* AFOAudioSession.h */,
				24DAD25F2331CA70001D2CE4 /* AFOAudioSession.m */,
			);
			path = audio;
			sourceTree = "<group>";
		};
		722D3D562338E9D200201ACB /* error */ = {
			isa = PBXGroup;
			children = (
				24DAD2732331CA71001D2CE4 /* AFOMediaErrorCodeManager.h */,
				24DAD2582331CA70001D2CE4 /* AFOMediaErrorCodeManager.m */,
				24DAD24F2331CA6F001D2CE4 /* AFOMediaErrorString.h */,
			);
			path = error;
			sourceTree = "<group>";
		};
		722D3D572338E9F600201ACB /* play */ = {
			isa = PBXGroup;
			children = (
				24DAD2492331CA6F001D2CE4 /* AFOMediaPlayController.h */,
				24DAD2422331CA6F001D2CE4 /* AFOMediaPlayController.m */,
				24DAD2772331CA72001D2CE4 /* AFOMediaPlayControllerCategory.h */,
				24DAD2442331CA6F001D2CE4 /* AFOMediaPlayController+AFOGestures.h */,
				24DAD2682331CA71001D2CE4 /* AFOMediaPlayController+AFOGestures.m */,
				24DAD2482331CA6F001D2CE4 /* AFOMediaPlayController+AFOOrientation.h */,
				24DAD25C2331CA70001D2CE4 /* AFOMediaPlayController+AFOOrientation.m */,
			);
			path = play;
			sourceTree = "<group>";
		};
		722D3D582338ED7B00201ACB /* openGL */ = {
			isa = PBXGroup;
			children = (
				24DAD2392331CA6E001D2CE4 /* AFOMediaOpenGLView.h */,
				24DAD2402331CA6E001D2CE4 /* AFOMediaOpenGLView.m */,
			);
			path = openGL;
			sourceTree = "<group>";
		};
		722D3D592338EDA800201ACB /* format */ = {
			isa = PBXGroup;
			children = (
				24DAD2622331CA70001D2CE4 /* AFOMediaYUV.m */,
				24DAD2782331CA72001D2CE4 /* AFOMediaYUV.h */,
				24DAD2712331CA71001D2CE4 /* AFOVideoFrameRGB.h */,
				24DAD2662331CA71001D2CE4 /* AFOVideoFrameRGB.m */,
				24DAD23C2331CA6E001D2CE4 /* AFOVideoFrameYUV.h */,
				24DAD26F2331CA71001D2CE4 /* AFOVideoFrameYUV.m */,
			);
			path = format;
			sourceTree = "<group>";
		};
		722D3D5A2338EDFC00201ACB /* seek */ = {
			isa = PBXGroup;
			children = (
				24DAD2432331CA6F001D2CE4 /* AFOMediaSeekFrame.h */,
				24DAD2372331CA6E001D2CE4 /* AFOMediaSeekFrame.m */,
				24DAD2792331CA72001D2CE4 /* AFOMediaSeekFrame+Conditional.h */,
				24DAD2532331CA70001D2CE4 /* AFOMediaSeekFrame+Conditional.m */,
			);
			path = seek;
			sourceTree = "<group>";
		};
		722D3D5B2338EE1800201ACB /* manager */ = {
			isa = PBXGroup;
			children = (
				24DAD2382331CA6E001D2CE4 /* AFOMediaManager.h */,
				24DAD2522331CA6F001D2CE4 /* AFOMediaManager.m */,
				24DAD23D2331CA6E001D2CE4 /* AFOMediaQueueManager.h */,
				24DAD2742331CA72001D2CE4 /* AFOMediaQueueManager.m */,
				24DAD2362331CA6E001D2CE4 /* AFOPlayMediaManager.h */,
				24DAD26C2331CA71001D2CE4 /* AFOPlayMediaManager.m */,
				24DAD2462331CA6F001D2CE4 /* AFOVideoAudioManager.h */,
				24DAD2632331CA71001D2CE4 /* AFOVideoAudioManager.m */,
			);
			path = manager;
			sourceTree = "<group>";
		};
		722D3D5C2338EE6600201ACB /* viewModels */ = {
			isa = PBXGroup;
			children = (
				24DAD2672331CA71001D2CE4 /* AFOGenerateImages.h */,
				24DAD25A2331CA70001D2CE4 /* AFOGenerateImages.m */,
				24DAD23F2331CA6E001D2CE4 /* AFOMediaConditional.h */,
				24DAD26D2331CA71001D2CE4 /* AFOMediaConditional.m */,
				24DAD2452331CA6F001D2CE4 /* AFOMediaThumbnail.h */,
				24DAD2572331CA70001D2CE4 /* AFOMediaThumbnail.m */,
				24DAD23A2331CA6E001D2CE4 /* AFOMediaTimer.h */,
				24DAD25D2331CA70001D2CE4 /* AFOMediaTimer.m */,
				24DAD2642331CA71001D2CE4 /* AFOVideoFrame.h */,
				24DAD24A2331CA6F001D2CE4 /* AFOVideoFrame.m */,
			);
			path = viewModels;
			sourceTree = "<group>";
		};
		722D3D5D2338EE8500201ACB /* mediaFrame */ = {
			isa = PBXGroup;
			children = (
				24DAD2512331CA6F001D2CE4 /* AFOMediaFrame.h */,
				24DAD2552331CA70001D2CE4 /* AFOMediaFrame.m */,
				24DAD2542331CA70001D2CE4 /* AFOMediaFrameImport.h */,
			);
			path = mediaFrame;
			sourceTree = "<group>";
		};
		722D3D5E2338EEBB00201ACB /* decoder */ = {
			isa = PBXGroup;
			children = (
				24DAD2762331CA72001D2CE4 /* AFOAudioThreadDecoder.h */,
				24DAD23B2331CA6E001D2CE4 /* AFOAudioThreadDecoder.m */,
				24DAD2472331CA6F001D2CE4 /* AFOMediaDecoder.h */,
				24DAD2592331CA70001D2CE4 /* AFOMediaDecoder.m */,
			);
			path = decoder;
			sourceTree = "<group>";
		};
		722D3D5F2338EEDF00201ACB /* view */ = {
			isa = PBXGroup;
			children = (
				24DAD26B2331CA71001D2CE4 /* AFOMediaControlView.h */,
				24DAD27A2331CA72001D2CE4 /* AFOMediaControlView.m */,
				24DAD24D2331CA6F001D2CE4 /* AFOMediaView.h */,
				24DAD2692331CA71001D2CE4 /* AFOMediaView.m */,
			);
			path = view;
			sourceTree = "<group>";
		};
		D355983552DD45887E11029F /* Pods */ = {
			isa = PBXGroup;
			children = (
				C215BB64AD96FF0492A70BBA /* Pods-AFOFFMpeg.debug.xcconfig */,
				8D4CA313006449D6B479D8FD /* Pods-AFOFFMpeg.release.xcconfig */,
			);
			path = Pods;
			sourceTree = "<group>";
		};
/* End PBXGroup section */

/* Begin PBXHeadersBuildPhase section */
		24BAFDB81FF4B12900D2EAB9 /* Headers */ = {
			isa = PBXHeadersBuildPhase;
			buildActionMask = 2147483647;
			files = (
				24DAD27F2331CA72001D2CE4 /* AFOMediaTimer.h in Headers */,
				24DAD2BA2331CA72001D2CE4 /* AFOAudioSession.h in Headers */,
				24DAD2882331CA72001D2CE4 /* AFOMediaSeekFrame.h in Headers */,
				24DAD2BC2331CA72001D2CE4 /* AFOMediaPlayControllerCategory.h in Headers */,
				24DAD2BB2331CA72001D2CE4 /* AFOAudioThreadDecoder.h in Headers */,
				24DAD2B02331CA72001D2CE4 /* AFOMediaControlView.h in Headers */,
				24DAD2AC2331CA72001D2CE4 /* AFOGenerateImages.h in Headers */,
				24DAD2952331CA72001D2CE4 /* AFOAudioManager.h in Headers */,
				24DAD27B2331CA72001D2CE4 /* AFOPlayMediaManager.h in Headers */,
				24DAD28D2331CA72001D2CE4 /* AFOMediaPlayController+AFOOrientation.h in Headers */,
				24DAD2B52331CA72001D2CE4 /* AFOAudioPacket.h in Headers */,
				24DAD2B62331CA72001D2CE4 /* AFOVideoFrameRGB.h in Headers */,
				24DAD2B82331CA72001D2CE4 /* AFOMediaErrorCodeManager.h in Headers */,
				24DAD2992331CA72001D2CE4 /* AFOMediaFrameImport.h in Headers */,
				24DAD2842331CA72001D2CE4 /* AFOMediaConditional.h in Headers */,
				24DAD2892331CA72001D2CE4 /* AFOMediaPlayController+AFOGestures.h in Headers */,
				24DAD2A62331CA72001D2CE4 /* AFOAudioDecoder.h in Headers */,
				24DAD2B32331CA72001D2CE4 /* AFOAudioCache.h in Headers */,
				24DAD2BE2331CA72001D2CE4 /* AFOMediaSeekFrame+Conditional.h in Headers */,
				24DAD2BD2331CA72001D2CE4 /* AFOMediaYUV.h in Headers */,
				24DAD2822331CA72001D2CE4 /* AFOMediaQueueManager.h in Headers */,
				24DAD28B2331CA72001D2CE4 /* AFOVideoAudioManager.h in Headers */,
				24DAD28E2331CA72001D2CE4 /* AFOMediaPlayController.h in Headers */,
				24DAD28A2331CA72001D2CE4 /* AFOMediaThumbnail.h in Headers */,
				24DAD27D2331CA72001D2CE4 /* AFOMediaManager.h in Headers */,
				24DAD2A32331CA72001D2CE4 /* AFOAudioOutPut.h in Headers */,
				24DAD2A52331CA72001D2CE4 /* AFOAudioQueue.h in Headers */,
				24DAD2942331CA72001D2CE4 /* AFOMediaErrorString.h in Headers */,
				24DAD2922331CA72001D2CE4 /* AFOMediaView.h in Headers */,
				24DAD27E2331CA72001D2CE4 /* AFOMediaOpenGLView.h in Headers */,
				24DAD2812331CA72001D2CE4 /* AFOVideoFrameYUV.h in Headers */,
				24DAD2A92331CA72001D2CE4 /* AFOVideoFrame.h in Headers */,
				24DAD2962331CA72001D2CE4 /* AFOMediaFrame.h in Headers */,
				24DAD28C2331CA72001D2CE4 /* AFOMediaDecoder.h in Headers */,
				24BAFDC01FF4B12900D2EAB9 /* AFOFFMpeg.h in Headers */,
				240487632008459600D369FB /* AFOMediaForeignInterface.h in Headers */,
			);
			runOnlyForDeploymentPostprocessing = 0;
		};
/* End PBXHeadersBuildPhase section */

/* Begin PBXNativeTarget section */
		24BAFDBA1FF4B12900D2EAB9 /* AFOFFMpeg */ = {
			isa = PBXNativeTarget;
			buildConfigurationList = 24BAFDC31FF4B12900D2EAB9 /* Build configuration list for PBXNativeTarget "AFOFFMpeg" */;
			buildPhases = (
				2C4FF7EA286325D2E2E38260 /* [CP] Check Pods Manifest.lock */,
				24BAFDB61FF4B12900D2EAB9 /* Sources */,
				24BAFDB71FF4B12900D2EAB9 /* Frameworks */,
				24BAFDB81FF4B12900D2EAB9 /* Headers */,
				24BAFDB91FF4B12900D2EAB9 /* Resources */,
				24BAFED81FF4D9A200D2EAB9 /* CopyFiles */,
			);
			buildRules = (
			);
			dependencies = (
			);
			name = AFOFFMpeg;
			productName = AFOFFMpeg;
			productReference = 24BAFDBB1FF4B12900D2EAB9 /* AFOFFMpeg.framework */;
			productType = "com.apple.product-type.framework";
		};
/* End PBXNativeTarget section */

/* Begin PBXProject section */
		24BAFDB21FF4B12900D2EAB9 /* Project object */ = {
			isa = PBXProject;
			attributes = {
				LastUpgradeCheck = 1030;
				ORGANIZATIONNAME = "AFO Science and technology Ltd";
				TargetAttributes = {
					24BAFDBA1FF4B12900D2EAB9 = {
						CreatedOnToolsVersion = 9.2;
						ProvisioningStyle = Automatic;
					};
				};
			};
			buildConfigurationList = 24BAFDB51FF4B12900D2EAB9 /* Build configuration list for PBXProject "AFOFFMpeg" */;
			compatibilityVersion = "Xcode 8.0";
			developmentRegion = en;
			hasScannedForEncodings = 0;
			knownRegions = (
				en,
				Base,
			);
			mainGroup = 24BAFDB11FF4B12900D2EAB9;
			productRefGroup = 24BAFDBC1FF4B12900D2EAB9 /* Products */;
			projectDirPath = "";
			projectRoot = "";
			targets = (
				24BAFDBA1FF4B12900D2EAB9 /* AFOFFMpeg */,
			);
		};
/* End PBXProject section */

/* Begin PBXResourcesBuildPhase section */
		24BAFDB91FF4B12900D2EAB9 /* Resources */ = {
			isa = PBXResourcesBuildPhase;
			buildActionMask = 2147483647;
			files = (
			);
			runOnlyForDeploymentPostprocessing = 0;
		};
/* End PBXResourcesBuildPhase section */

/* Begin PBXShellScriptBuildPhase section */
		2C4FF7EA286325D2E2E38260 /* [CP] Check Pods Manifest.lock */ = {
			isa = PBXShellScriptBuildPhase;
			buildActionMask = 2147483647;
			files = (
			);
			inputFileListPaths = (
			);
			inputPaths = (
				"${PODS_PODFILE_DIR_PATH}/Podfile.lock",
				"${PODS_ROOT}/Manifest.lock",
			);
			name = "[CP] Check Pods Manifest.lock";
			outputFileListPaths = (
			);
			outputPaths = (
				"$(DERIVED_FILE_DIR)/Pods-AFOFFMpeg-checkManifestLockResult.txt",
			);
			runOnlyForDeploymentPostprocessing = 0;
			shellPath = /bin/sh;
			shellScript = "diff \"${PODS_PODFILE_DIR_PATH}/Podfile.lock\" \"${PODS_ROOT}/Manifest.lock\" > /dev/null\nif [ $? != 0 ] ; then\n    # print error to STDERR\n    echo \"error: The sandbox is not in sync with the Podfile.lock. Run 'pod install' or update your CocoaPods installation.\" >&2\n    exit 1\nfi\n# This output is used by Xcode 'outputs' to avoid re-running this script phase.\necho \"SUCCESS\" > \"${SCRIPT_OUTPUT_FILE_0}\"\n";
			showEnvVarsInLog = 0;
		};
/* End PBXShellScriptBuildPhase section */

/* Begin PBXSourcesBuildPhase section */
		24BAFDB61FF4B12900D2EAB9 /* Sources */ = {
			isa = PBXSourcesBuildPhase;
			buildActionMask = 2147483647;
			files = (
				24DAD2BF2331CA72001D2CE4 /* AFOMediaControlView.m in Sources */,
				24DAD29B2331CA72001D2CE4 /* AFOAudioPacket.m in Sources */,
				24DAD2912331CA72001D2CE4 /* AFOAudioOutPut.m in Sources */,
				2404875E2008459600D369FB /* AFOMediaForeignInterface.m in Sources */,
				24DAD2A82331CA72001D2CE4 /* AFOVideoAudioManager.m in Sources */,
				24DAD2A12331CA72001D2CE4 /* AFOMediaPlayController+AFOOrientation.m in Sources */,
				24DAD2872331CA72001D2CE4 /* AFOMediaPlayController.m in Sources */,
				24DAD2A72331CA72001D2CE4 /* AFOMediaYUV.m in Sources */,
				24DAD2B92331CA72001D2CE4 /* AFOMediaQueueManager.m in Sources */,
				24DAD2932331CA72001D2CE4 /* AFOAudioCache.m in Sources */,
				24DAD28F2331CA72001D2CE4 /* AFOVideoFrame.m in Sources */,
				24DAD2B12331CA72001D2CE4 /* AFOPlayMediaManager.m in Sources */,
				24DAD29D2331CA72001D2CE4 /* AFOMediaErrorCodeManager.m in Sources */,
				24DAD27C2331CA72001D2CE4 /* AFOMediaSeekFrame.m in Sources */,
				24DAD29E2331CA72001D2CE4 /* AFOMediaDecoder.m in Sources */,
				24DAD2802331CA72001D2CE4 /* AFOAudioThreadDecoder.m in Sources */,
				24DAD29C2331CA72001D2CE4 /* AFOMediaThumbnail.m in Sources */,
				24DAD2AD2331CA72001D2CE4 /* AFOMediaPlayController+AFOGestures.m in Sources */,
				24DAD2852331CA72001D2CE4 /* AFOMediaOpenGLView.m in Sources */,
				24DAD2B42331CA72001D2CE4 /* AFOVideoFrameYUV.m in Sources */,
				24DAD29F2331CA72001D2CE4 /* AFOGenerateImages.m in Sources */,
				24DAD2982331CA72001D2CE4 /* AFOMediaSeekFrame+Conditional.m in Sources */,
				24DAD2A22331CA72001D2CE4 /* AFOMediaTimer.m in Sources */,
				24DAD2832331CA72001D2CE4 /* AFOAudioQueue.m in Sources */,
				24DAD2B22331CA72001D2CE4 /* AFOMediaConditional.m in Sources */,
				24DAD2972331CA72001D2CE4 /* AFOMediaManager.m in Sources */,
				24DAD2AE2331CA72001D2CE4 /* AFOMediaView.m in Sources */,
				24DAD2902331CA72001D2CE4 /* AFOAudioDecoder.m in Sources */,
				24DAD2862331CA72001D2CE4 /* AFOAudioManager.m in Sources */,
				24DAD2A42331CA72001D2CE4 /* AFOAudioSession.m in Sources */,
				24DAD2AB2331CA72001D2CE4 /* AFOVideoFrameRGB.m in Sources */,
				24DAD29A2331CA72001D2CE4 /* AFOMediaFrame.m in Sources */,
			);
			runOnlyForDeploymentPostprocessing = 0;
		};
/* End PBXSourcesBuildPhase section */

/* Begin XCBuildConfiguration section */
		24BAFDC11FF4B12900D2EAB9 /* Debug */ = {
			isa = XCBuildConfiguration;
			buildSettings = {
				ALWAYS_SEARCH_USER_PATHS = NO;
				CLANG_ANALYZER_NONNULL = YES;
				CLANG_ANALYZER_NUMBER_OBJECT_CONVERSION = YES_AGGRESSIVE;
				CLANG_CXX_LANGUAGE_STANDARD = "gnu++14";
				CLANG_CXX_LIBRARY = "libc++";
				CLANG_ENABLE_MODULES = YES;
				CLANG_ENABLE_OBJC_ARC = YES;
				CLANG_WARN_BLOCK_CAPTURE_AUTORELEASING = YES;
				CLANG_WARN_BOOL_CONVERSION = YES;
				CLANG_WARN_COMMA = YES;
				CLANG_WARN_CONSTANT_CONVERSION = YES;
				CLANG_WARN_DEPRECATED_OBJC_IMPLEMENTATIONS = YES;
				CLANG_WARN_DIRECT_OBJC_ISA_USAGE = YES_ERROR;
				CLANG_WARN_DOCUMENTATION_COMMENTS = YES;
				CLANG_WARN_EMPTY_BODY = YES;
				CLANG_WARN_ENUM_CONVERSION = YES;
				CLANG_WARN_INFINITE_RECURSION = YES;
				CLANG_WARN_INT_CONVERSION = YES;
				CLANG_WARN_NON_LITERAL_NULL_CONVERSION = YES;
				CLANG_WARN_OBJC_IMPLICIT_RETAIN_SELF = YES;
				CLANG_WARN_OBJC_LITERAL_CONVERSION = YES;
				CLANG_WARN_OBJC_ROOT_CLASS = YES_ERROR;
				CLANG_WARN_RANGE_LOOP_ANALYSIS = YES;
				CLANG_WARN_STRICT_PROTOTYPES = YES;
				CLANG_WARN_SUSPICIOUS_MOVE = YES;
				CLANG_WARN_UNGUARDED_AVAILABILITY = YES_AGGRESSIVE;
				CLANG_WARN_UNREACHABLE_CODE = YES;
				CLANG_WARN__DUPLICATE_METHOD_MATCH = YES;
				CODE_SIGN_IDENTITY = "iPhone Developer";
				COPY_PHASE_STRIP = NO;
				CURRENT_PROJECT_VERSION = 1;
				DEBUG_INFORMATION_FORMAT = dwarf;
				ENABLE_STRICT_OBJC_MSGSEND = YES;
				ENABLE_TESTABILITY = YES;
				GCC_C_LANGUAGE_STANDARD = gnu11;
				GCC_DYNAMIC_NO_PIC = NO;
				GCC_NO_COMMON_BLOCKS = YES;
				GCC_OPTIMIZATION_LEVEL = 0;
				GCC_PREPROCESSOR_DEFINITIONS = (
					"DEBUG=1",
					"$(inherited)",
				);
				GCC_WARN_64_TO_32_BIT_CONVERSION = YES;
				GCC_WARN_ABOUT_RETURN_TYPE = YES_ERROR;
				GCC_WARN_UNDECLARED_SELECTOR = YES;
				GCC_WARN_UNINITIALIZED_AUTOS = YES_AGGRESSIVE;
				GCC_WARN_UNUSED_FUNCTION = YES;
				GCC_WARN_UNUSED_VARIABLE = YES;
				IPHONEOS_DEPLOYMENT_TARGET = 8.0;
				MTL_ENABLE_DEBUG_INFO = YES;
				ONLY_ACTIVE_ARCH = YES;
				SDKROOT = iphoneos;
				VERSIONING_SYSTEM = "apple-generic";
				VERSION_INFO_PREFIX = "";
			};
			name = Debug;
		};
		24BAFDC21FF4B12900D2EAB9 /* Release */ = {
			isa = XCBuildConfiguration;
			buildSettings = {
				ALWAYS_SEARCH_USER_PATHS = NO;
				CLANG_ANALYZER_NONNULL = YES;
				CLANG_ANALYZER_NUMBER_OBJECT_CONVERSION = YES_AGGRESSIVE;
				CLANG_CXX_LANGUAGE_STANDARD = "gnu++14";
				CLANG_CXX_LIBRARY = "libc++";
				CLANG_ENABLE_MODULES = YES;
				CLANG_ENABLE_OBJC_ARC = YES;
				CLANG_WARN_BLOCK_CAPTURE_AUTORELEASING = YES;
				CLANG_WARN_BOOL_CONVERSION = YES;
				CLANG_WARN_COMMA = YES;
				CLANG_WARN_CONSTANT_CONVERSION = YES;
				CLANG_WARN_DEPRECATED_OBJC_IMPLEMENTATIONS = YES;
				CLANG_WARN_DIRECT_OBJC_ISA_USAGE = YES_ERROR;
				CLANG_WARN_DOCUMENTATION_COMMENTS = YES;
				CLANG_WARN_EMPTY_BODY = YES;
				CLANG_WARN_ENUM_CONVERSION = YES;
				CLANG_WARN_INFINITE_RECURSION = YES;
				CLANG_WARN_INT_CONVERSION = YES;
				CLANG_WARN_NON_LITERAL_NULL_CONVERSION = YES;
				CLANG_WARN_OBJC_IMPLICIT_RETAIN_SELF = YES;
				CLANG_WARN_OBJC_LITERAL_CONVERSION = YES;
				CLANG_WARN_OBJC_ROOT_CLASS = YES_ERROR;
				CLANG_WARN_RANGE_LOOP_ANALYSIS = YES;
				CLANG_WARN_STRICT_PROTOTYPES = YES;
				CLANG_WARN_SUSPICIOUS_MOVE = YES;
				CLANG_WARN_UNGUARDED_AVAILABILITY = YES_AGGRESSIVE;
				CLANG_WARN_UNREACHABLE_CODE = YES;
				CLANG_WARN__DUPLICATE_METHOD_MATCH = YES;
				CODE_SIGN_IDENTITY = "iPhone Developer";
				COPY_PHASE_STRIP = NO;
				CURRENT_PROJECT_VERSION = 1;
				DEBUG_INFORMATION_FORMAT = "dwarf-with-dsym";
				ENABLE_NS_ASSERTIONS = NO;
				ENABLE_STRICT_OBJC_MSGSEND = YES;
				GCC_C_LANGUAGE_STANDARD = gnu11;
				GCC_NO_COMMON_BLOCKS = YES;
				GCC_WARN_64_TO_32_BIT_CONVERSION = YES;
				GCC_WARN_ABOUT_RETURN_TYPE = YES_ERROR;
				GCC_WARN_UNDECLARED_SELECTOR = YES;
				GCC_WARN_UNINITIALIZED_AUTOS = YES_AGGRESSIVE;
				GCC_WARN_UNUSED_FUNCTION = YES;
				GCC_WARN_UNUSED_VARIABLE = YES;
				IPHONEOS_DEPLOYMENT_TARGET = 8.0;
				MTL_ENABLE_DEBUG_INFO = NO;
				SDKROOT = iphoneos;
				VALIDATE_PRODUCT = YES;
				VERSIONING_SYSTEM = "apple-generic";
				VERSION_INFO_PREFIX = "";
			};
			name = Release;
		};
		24BAFDC41FF4B12900D2EAB9 /* Debug */ = {
			isa = XCBuildConfiguration;
			baseConfigurationReference = C215BB64AD96FF0492A70BBA /* Pods-AFOFFMpeg.debug.xcconfig */;
			buildSettings = {
				ALWAYS_EMBED_SWIFT_STANDARD_LIBRARIES = "$(inherited)";
				CLANG_WARN_DEPRECATED_OBJC_IMPLEMENTATIONS = NO;
				CODE_SIGN_IDENTITY = "";
				CODE_SIGN_STYLE = Automatic;
				DEFINES_MODULE = YES;
				DEVELOPMENT_TEAM = 7XP5ZBK9EN;
				DYLIB_COMPATIBILITY_VERSION = 1;
				DYLIB_CURRENT_VERSION = 1;
				DYLIB_INSTALL_NAME_BASE = "@rpath";
				ENABLE_BITCODE = NO;
				FRAMEWORK_SEARCH_PATHS = "$(inherited)";
				GCC_GENERATE_DEBUGGING_SYMBOLS = YES;
				GCC_PRECOMPILE_PREFIX_HEADER = YES;
				GCC_PREFIX_HEADER = "$(SRCROOT)/$(PRODUCT_NAME)/AFOFFMpeg.pch";
				HEADER_SEARCH_PATHS = "$(inherited)";
				INFOPLIST_FILE = "";
				INSTALL_PATH = "$(LOCAL_LIBRARY_DIR)/Frameworks";
				LD_RUNPATH_SEARCH_PATHS = "$(inherited) @executable_path/Frameworks @loader_path/Frameworks";
				LIBRARY_SEARCH_PATHS = "$(inherited)";
				MACH_O_TYPE = staticlib;
				OTHER_LDFLAGS = (
					"-ObjC",
					"-all_load",
					"$(inherited)",
				);
				PRODUCT_BUNDLE_IDENTIFIER = com.youku.AFOFFMpeg;
				PRODUCT_NAME = "$(TARGET_NAME:c99extidentifier)";
				REZ_SEARCH_PATHS = "";
				SKIP_INSTALL = YES;
				TARGETED_DEVICE_FAMILY = 1;
				USER_HEADER_SEARCH_PATHS = "";
			};
			name = Debug;
		};
		24BAFDC51FF4B12900D2EAB9 /* Release */ = {
			isa = XCBuildConfiguration;
			baseConfigurationReference = 8D4CA313006449D6B479D8FD /* Pods-AFOFFMpeg.release.xcconfig */;
			buildSettings = {
				ALWAYS_EMBED_SWIFT_STANDARD_LIBRARIES = "$(inherited)";
				CLANG_WARN_DEPRECATED_OBJC_IMPLEMENTATIONS = NO;
				CODE_SIGN_IDENTITY = "";
				CODE_SIGN_STYLE = Automatic;
				DEFINES_MODULE = YES;
				DEVELOPMENT_TEAM = 7XP5ZBK9EN;
				DYLIB_COMPATIBILITY_VERSION = 1;
				DYLIB_CURRENT_VERSION = 1;
				DYLIB_INSTALL_NAME_BASE = "@rpath";
				ENABLE_BITCODE = NO;
				FRAMEWORK_SEARCH_PATHS = "$(inherited)";
				GCC_GENERATE_DEBUGGING_SYMBOLS = YES;
				GCC_PRECOMPILE_PREFIX_HEADER = YES;
				GCC_PREFIX_HEADER = "$(SRCROOT)/$(PRODUCT_NAME)/AFOFFMpeg.pch";
				HEADER_SEARCH_PATHS = "$(inherited)";
				INFOPLIST_FILE = "";
				INSTALL_PATH = "$(LOCAL_LIBRARY_DIR)/Frameworks";
				LD_RUNPATH_SEARCH_PATHS = "$(inherited) @executable_path/Frameworks @loader_path/Frameworks";
				LIBRARY_SEARCH_PATHS = "$(inherited)";
				MACH_O_TYPE = staticlib;
				OTHER_LDFLAGS = (
					"-ObjC",
					"-all_load",
					"$(inherited)",
				);
				PRODUCT_BUNDLE_IDENTIFIER = com.youku.AFOFFMpeg;
				PRODUCT_NAME = "$(TARGET_NAME:c99extidentifier)";
				REZ_SEARCH_PATHS = "";
				SKIP_INSTALL = YES;
				TARGETED_DEVICE_FAMILY = 1;
				USER_HEADER_SEARCH_PATHS = "";
			};
			name = Release;
		};
/* End XCBuildConfiguration section */

/* Begin XCConfigurationList section */
		24BAFDB51FF4B12900D2EAB9 /* Build configuration list for PBXProject "AFOFFMpeg" */ = {
			isa = XCConfigurationList;
			buildConfigurations = (
				24BAFDC11FF4B12900D2EAB9 /* Debug */,
				24BAFDC21FF4B12900D2EAB9 /* Release */,
			);
			defaultConfigurationIsVisible = 0;
			defaultConfigurationName = Release;
		};
		24BAFDC31FF4B12900D2EAB9 /* Build configuration list for PBXNativeTarget "AFOFFMpeg" */ = {
			isa = XCConfigurationList;
			buildConfigurations = (
				24BAFDC41FF4B12900D2EAB9 /* Debug */,
				24BAFDC51FF4B12900D2EAB9 /* Release */,
			);
			defaultConfigurationIsVisible = 0;
			defaultConfigurationName = Release;
		};
/* End XCConfigurationList section */
	};
	rootObject = 24BAFDB21FF4B12900D2EAB9 /* Project object */;
}
