// !$*UTF8*$!
{
	archiveVersion = 1;
	classes = {
	};
	objectVersion = 48;
	objects = {

/* Begin PBXBuildFile section */
		240487632008459600D369FB /* AFOMediaForeignInterface.h in Headers */ = {isa = PBXBuildFile; fileRef = 2404875B2008459600D369FB /* AFOMediaForeignInterface.h */; settings = {ATTRIBUTES = (Public, ); }; };
		2413B77B21CFD20A0073F742 /* libxvidcore.a in Frameworks */ = {isa = PBXBuildFile; fileRef = 2413B77921CFD20A0073F742 /* libxvidcore.a */; };
		24814F6721B4FC06001B2388 /* libfdk-aac.a in Frameworks */ = {isa = PBXBuildFile; fileRef = 24814F6121B4FC06001B2388 /* libfdk-aac.a */; };
		24B08EB7233257F5007225ED /* libAFOFoundation.a in Frameworks */ = {isa = PBXBuildFile; fileRef = 24B08EB6233257F5007225ED /* libAFOFoundation.a */; };
		24B08EB9233257F5007225ED /* libAFOGitHub.a in Frameworks */ = {isa = PBXBuildFile; fileRef = 24B08EB8233257F5007225ED /* libAFOGitHub.a */; };
		24B08EBB233257F5007225ED /* libAFORouter.a in Frameworks */ = {isa = PBXBuildFile; fileRef = 24B08EBA233257F5007225ED /* libAFORouter.a */; };
		24B08EBD233257F5007225ED /* libAFOUIKIT.a in Frameworks */ = {isa = PBXBuildFile; fileRef = 24B08EBC233257F5007225ED /* libAFOUIKIT.a */; };
		24B08EBF233257F5007225ED /* libAFOViews.a in Frameworks */ = {isa = PBXBuildFile; fileRef = 24B08EBE233257F5007225ED /* libAFOViews.a */; };
		24BAFDC01FF4B12900D2EAB9 /* AFOFFMpeg.h in Headers */ = {isa = PBXBuildFile; fileRef = 24BAFDBE1FF4B12900D2EAB9 /* AFOFFMpeg.h */; settings = {ATTRIBUTES = (Public, ); }; };
		24BAFEC61FF4BCB400D2EAB9 /* AudioToolbox.framework in Frameworks */ = {isa = PBXBuildFile; fileRef = 24BAFEC51FF4BCB400D2EAB9 /* AudioToolbox.framework */; };
		24BAFEC81FF4BCBF00D2EAB9 /* AVFoundation.framework in Frameworks */ = {isa = PBXBuildFile; fileRef = 24BAFEC71FF4BCBF00D2EAB9 /* AVFoundation.framework */; };
		24BAFECA1FF4BCD200D2EAB9 /* OpenGLES.framework in Frameworks */ = {isa = PBXBuildFile; fileRef = 24BAFEC91FF4BCD200D2EAB9 /* OpenGLES.framework */; };
		24BAFECC1FF4BCEB00D2EAB9 /* CoreImage.framework in Frameworks */ = {isa = PBXBuildFile; fileRef = 24BAFECB1FF4BCEB00D2EAB9 /* CoreImage.framework */; };
		24BAFECE1FF4BCF800D2EAB9 /* CoreGraphics.framework in Frameworks */ = {isa = PBXBuildFile; fileRef = 24BAFECD1FF4BCF800D2EAB9 /* CoreGraphics.framework */; };
		24BAFED01FF4BD0700D2EAB9 /* CoreMedia.framework in Frameworks */ = {isa = PBXBuildFile; fileRef = 24BAFECF1FF4BD0700D2EAB9 /* CoreMedia.framework */; };
		24BAFED21FF4BD1D00D2EAB9 /* VideoToolbox.framework in Frameworks */ = {isa = PBXBuildFile; fileRef = 24BAFED11FF4BD1D00D2EAB9 /* VideoToolbox.framework */; };
		24BBD96323335C4A006F920E /* AFOMediaForeignInterface.m in Sources */ = {isa = PBXBuildFile; fileRef = 24EBB0D72332236400B95E25 /* AFOMediaForeignInterface.m */; };
		24BBD96423335C7E006F920E /* AFOMediaSeekFrame.m in Sources */ = {isa = PBXBuildFile; fileRef = 24EBB1002332236400B95E25 /* AFOMediaSeekFrame.m */; };
		24BBD96A23335E36006F920E /* AFOMediaSeekFrame+Conditional.m in Sources */ = {isa = PBXBuildFile; fileRef = 24EBB1022332236400B95E25 /* AFOMediaSeekFrame+Conditional.m */; };
		24BBD97223335FB9006F920E /* AFOPlayMediaManager.m in Sources */ = {isa = PBXBuildFile; fileRef = 24EBB0F62332236400B95E25 /* AFOPlayMediaManager.m */; };
		24BBD97323335FC2006F920E /* AFOMediaPlayController.m in Sources */ = {isa = PBXBuildFile; fileRef = 24EBB1112332236400B95E25 /* AFOMediaPlayController.m */; };
		24DAD34E23321151001D2CE4 /* AFOMediaPlayController.h in Headers */ = {isa = PBXBuildFile; fileRef = 24DAD2492331CA6F001D2CE4 /* AFOMediaPlayController.h */; settings = {ATTRIBUTES = (Public, ); }; };
		24EBB092233214C000B95E25 /* AFOFFMpeg.pch in Headers */ = {isa = PBXBuildFile; fileRef = 24E5942423311A2500682DF7 /* AFOFFMpeg.pch */; };
		922E6559DEB8E99FA090F6B5 /* libPods-AFOFFMpeg.a in Frameworks */ = {isa = PBXBuildFile; fileRef = E6C3DF97E31429DA00550B5A /* libPods-AFOFFMpeg.a */; };
/* End PBXBuildFile section */

/* Begin PBXCopyFilesBuildPhase section */
		24BAFED81FF4D9A200D2EAB9 /* CopyFiles */ = {
			isa = PBXCopyFilesBuildPhase;
			buildActionMask = 12;
			dstPath = "";
			dstSubfolderSpec = 10;
			files = (
			);
			runOnlyForDeploymentPostprocessing = 0;
		};
/* End PBXCopyFilesBuildPhase section */

/* Begin PBXFileReference section */
		2404875B2008459600D369FB /* AFOMediaForeignInterface.h */ = {isa = PBXFileReference; fileEncoding = 4; lastKnownFileType = sourcecode.c.h; path = AFOMediaForeignInterface.h; sourceTree = "<group>"; };
		2408BB3C200877D80049060F /* libsqlite3.tbd */ = {isa = PBXFileReference; lastKnownFileType = "sourcecode.text-based-dylib-definition"; name = libsqlite3.tbd; path = usr/lib/libsqlite3.tbd; sourceTree = SDKROOT; };
		2413B77721CFD20A0073F742 /* xvid.h */ = {isa = PBXFileReference; fileEncoding = 4; lastKnownFileType = sourcecode.c.h; path = xvid.h; sourceTree = "<group>"; };
		2413B77921CFD20A0073F742 /* libxvidcore.a */ = {isa = PBXFileReference; lastKnownFileType = archive.ar; path = libxvidcore.a; sourceTree = "<group>"; };
		24814F5B21B4FC06001B2388 /* aacdecoder_lib.h */ = {isa = PBXFileReference; fileEncoding = 4; lastKnownFileType = sourcecode.c.h; path = aacdecoder_lib.h; sourceTree = "<group>"; };
		24814F5C21B4FC06001B2388 /* machine_type.h */ = {isa = PBXFileReference; fileEncoding = 4; lastKnownFileType = sourcecode.c.h; path = machine_type.h; sourceTree = "<group>"; };
		24814F5D21B4FC06001B2388 /* aacenc_lib.h */ = {isa = PBXFileReference; fileEncoding = 4; lastKnownFileType = sourcecode.c.h; path = aacenc_lib.h; sourceTree = "<group>"; };
		24814F5E21B4FC06001B2388 /* genericStds.h */ = {isa = PBXFileReference; fileEncoding = 4; lastKnownFileType = sourcecode.c.h; path = genericStds.h; sourceTree = "<group>"; };
		24814F5F21B4FC06001B2388 /* FDK_audio.h */ = {isa = PBXFileReference; fileEncoding = 4; lastKnownFileType = sourcecode.c.h; path = FDK_audio.h; sourceTree = "<group>"; };
		24814F6121B4FC06001B2388 /* libfdk-aac.a */ = {isa = PBXFileReference; lastKnownFileType = archive.ar; path = "libfdk-aac.a"; sourceTree = "<group>"; };
		24A59FB82008382B00311ACB /* libz.tbd */ = {isa = PBXFileReference; lastKnownFileType = "sourcecode.text-based-dylib-definition"; name = libz.tbd; path = usr/lib/libz.tbd; sourceTree = SDKROOT; };
		24A59FBA2008386B00311ACB /* libbz2.tbd */ = {isa = PBXFileReference; lastKnownFileType = "sourcecode.text-based-dylib-definition"; name = libbz2.tbd; path = usr/lib/libbz2.tbd; sourceTree = SDKROOT; };
		24A59FBC2008387200311ACB /* libiconv.tbd */ = {isa = PBXFileReference; lastKnownFileType = "sourcecode.text-based-dylib-definition"; name = libiconv.tbd; path = usr/lib/libiconv.tbd; sourceTree = SDKROOT; };
		24B08EB6233257F5007225ED /* libAFOFoundation.a */ = {isa = PBXFileReference; explicitFileType = archive.ar; path = libAFOFoundation.a; sourceTree = BUILT_PRODUCTS_DIR; };
		24B08EB8233257F5007225ED /* libAFOGitHub.a */ = {isa = PBXFileReference; explicitFileType = archive.ar; path = libAFOGitHub.a; sourceTree = BUILT_PRODUCTS_DIR; };
		24B08EBA233257F5007225ED /* libAFORouter.a */ = {isa = PBXFileReference; explicitFileType = archive.ar; path = libAFORouter.a; sourceTree = BUILT_PRODUCTS_DIR; };
		24B08EBC233257F5007225ED /* libAFOUIKIT.a */ = {isa = PBXFileReference; explicitFileType = archive.ar; path = libAFOUIKIT.a; sourceTree = BUILT_PRODUCTS_DIR; };
		24B08EBE233257F5007225ED /* libAFOViews.a */ = {isa = PBXFileReference; explicitFileType = archive.ar; path = libAFOViews.a; sourceTree = BUILT_PRODUCTS_DIR; };
		24BAFDBB1FF4B12900D2EAB9 /* AFOFFMpeg.framework */ = {isa = PBXFileReference; explicitFileType = wrapper.framework; includeInIndex = 0; path = AFOFFMpeg.framework; sourceTree = BUILT_PRODUCTS_DIR; };
		24BAFDBE1FF4B12900D2EAB9 /* AFOFFMpeg.h */ = {isa = PBXFileReference; lastKnownFileType = sourcecode.c.h; path = AFOFFMpeg.h; sourceTree = "<group>"; };
		24BAFEC51FF4BCB400D2EAB9 /* AudioToolbox.framework */ = {isa = PBXFileReference; lastKnownFileType = wrapper.framework; name = AudioToolbox.framework; path = System/Library/Frameworks/AudioToolbox.framework; sourceTree = SDKROOT; };
		24BAFEC71FF4BCBF00D2EAB9 /* AVFoundation.framework */ = {isa = PBXFileReference; lastKnownFileType = wrapper.framework; name = AVFoundation.framework; path = System/Library/Frameworks/AVFoundation.framework; sourceTree = SDKROOT; };
		24BAFEC91FF4BCD200D2EAB9 /* OpenGLES.framework */ = {isa = PBXFileReference; lastKnownFileType = wrapper.framework; name = OpenGLES.framework; path = System/Library/Frameworks/OpenGLES.framework; sourceTree = SDKROOT; };
		24BAFECB1FF4BCEB00D2EAB9 /* CoreImage.framework */ = {isa = PBXFileReference; lastKnownFileType = wrapper.framework; name = CoreImage.framework; path = System/Library/Frameworks/CoreImage.framework; sourceTree = SDKROOT; };
		24BAFECD1FF4BCF800D2EAB9 /* CoreGraphics.framework */ = {isa = PBXFileReference; lastKnownFileType = wrapper.framework; name = CoreGraphics.framework; path = System/Library/Frameworks/CoreGraphics.framework; sourceTree = SDKROOT; };
		24BAFECF1FF4BD0700D2EAB9 /* CoreMedia.framework */ = {isa = PBXFileReference; lastKnownFileType = wrapper.framework; name = CoreMedia.framework; path = System/Library/Frameworks/CoreMedia.framework; sourceTree = SDKROOT; };
		24BAFED11FF4BD1D00D2EAB9 /* VideoToolbox.framework */ = {isa = PBXFileReference; lastKnownFileType = wrapper.framework; name = VideoToolbox.framework; path = System/Library/Frameworks/VideoToolbox.framework; sourceTree = SDKROOT; };
		24DAD2492331CA6F001D2CE4 /* AFOMediaPlayController.h */ = {isa = PBXFileReference; fileEncoding = 4; lastKnownFileType = sourcecode.c.h; path = AFOMediaPlayController.h; sourceTree = "<group>"; };
		24DAD35123321178001D2CE4 /* x264_config.h */ = {isa = PBXFileReference; lastKnownFileType = sourcecode.c.h; path = x264_config.h; sourceTree = "<group>"; };
		24DAD35223321178001D2CE4 /* x264.h */ = {isa = PBXFileReference; lastKnownFileType = sourcecode.c.h; path = x264.h; sourceTree = "<group>"; };
		24DAD35423321178001D2CE4 /* libx264.a */ = {isa = PBXFileReference; lastKnownFileType = archive.ar; path = libx264.a; sourceTree = "<group>"; };
		24E593462331188800682DF7 /* version.h */ = {isa = PBXFileReference; lastKnownFileType = sourcecode.c.h; path = version.h; sourceTree = "<group>"; };
		24E593472331188800682DF7 /* postprocess.h */ = {isa = PBXFileReference; lastKnownFileType = sourcecode.c.h; path = postprocess.h; sourceTree = "<group>"; };
		24E593492331188800682DF7 /* version.h */ = {isa = PBXFileReference; lastKnownFileType = sourcecode.c.h; path = version.h; sourceTree = "<group>"; };
		24E5934A2331188800682DF7 /* buffersrc.h */ = {isa = PBXFileReference; lastKnownFileType = sourcecode.c.h; path = buffersrc.h; sourceTree = "<group>"; };
		24E5934B2331188800682DF7 /* buffersink.h */ = {isa = PBXFileReference; lastKnownFileType = sourcecode.c.h; path = buffersink.h; sourceTree = "<group>"; };
		24E5934C2331188800682DF7 /* avfilter.h */ = {isa = PBXFileReference; lastKnownFileType = sourcecode.c.h; path = avfilter.h; sourceTree = "<group>"; };
		24E5934D2331188800682DF7 /* avfiltergraph.h */ = {isa = PBXFileReference; lastKnownFileType = sourcecode.c.h; path = avfiltergraph.h; sourceTree = "<group>"; };
		24E5934F2331188800682DF7 /* hwcontext.h */ = {isa = PBXFileReference; lastKnownFileType = sourcecode.c.h; path = hwcontext.h; sourceTree = "<group>"; };
		24E593502331188800682DF7 /* time.h */ = {isa = PBXFileReference; lastKnownFileType = sourcecode.c.h; path = time.h; sourceTree = "<group>"; };
		24E593512331188800682DF7 /* hwcontext_cuda.h */ = {isa = PBXFileReference; lastKnownFileType = sourcecode.c.h; path = hwcontext_cuda.h; sourceTree = "<group>"; };
		24E593522331188800682DF7 /* intfloat.h */ = {isa = PBXFileReference; lastKnownFileType = sourcecode.c.h; path = intfloat.h; sourceTree = "<group>"; };
		24E593532331188800682DF7 /* error.h */ = {isa = PBXFileReference; lastKnownFileType = sourcecode.c.h; path = error.h; sourceTree = "<group>"; };
		24E593542331188800682DF7 /* fifo.h */ = {isa = PBXFileReference; lastKnownFileType = sourcecode.c.h; path = fifo.h; sourceTree = "<group>"; };
		24E593552331188800682DF7 /* blowfish.h */ = {isa = PBXFileReference; lastKnownFileType = sourcecode.c.h; path = blowfish.h; sourceTree = "<group>"; };
		24E593562331188800682DF7 /* replaygain.h */ = {isa = PBXFileReference; lastKnownFileType = sourcecode.c.h; path = replaygain.h; sourceTree = "<group>"; };
		24E593572331188800682DF7 /* version.h */ = {isa = PBXFileReference; lastKnownFileType = sourcecode.c.h; path = version.h; sourceTree = "<group>"; };
		24E593582331188800682DF7 /* murmur3.h */ = {isa = PBXFileReference; lastKnownFileType = sourcecode.c.h; path = murmur3.h; sourceTree = "<group>"; };
		24E593592331188800682DF7 /* stereo3d.h */ = {isa = PBXFileReference; lastKnownFileType = sourcecode.c.h; path = stereo3d.h; sourceTree = "<group>"; };
		24E5935A2331188800682DF7 /* samplefmt.h */ = {isa = PBXFileReference; lastKnownFileType = sourcecode.c.h; path = samplefmt.h; sourceTree = "<group>"; };
		24E5935B2331188800682DF7 /* pixdesc.h */ = {isa = PBXFileReference; lastKnownFileType = sourcecode.c.h; path = pixdesc.h; sourceTree = "<group>"; };
		24E5935C2331188800682DF7 /* base64.h */ = {isa = PBXFileReference; lastKnownFileType = sourcecode.c.h; path = base64.h; sourceTree = "<group>"; };
		24E5935D2331188800682DF7 /* rational.h */ = {isa = PBXFileReference; lastKnownFileType = sourcecode.c.h; path = rational.h; sourceTree = "<group>"; };
		24E5935E2331188800682DF7 /* sha.h */ = {isa = PBXFileReference; lastKnownFileType = sourcecode.c.h; path = sha.h; sourceTree = "<group>"; };
		24E5935F2331188800682DF7 /* motion_vector.h */ = {isa = PBXFileReference; lastKnownFileType = sourcecode.c.h; path = motion_vector.h; sourceTree = "<group>"; };
		24E593602331188800682DF7 /* avconfig.h */ = {isa = PBXFileReference; lastKnownFileType = sourcecode.c.h; path = avconfig.h; sourceTree = "<group>"; };
		24E593612331188800682DF7 /* lfg.h */ = {isa = PBXFileReference; lastKnownFileType = sourcecode.c.h; path = lfg.h; sourceTree = "<group>"; };
		24E593622331188800682DF7 /* avutil.h */ = {isa = PBXFileReference; lastKnownFileType = sourcecode.c.h; path = avutil.h; sourceTree = "<group>"; };
		24E593632331188800682DF7 /* xtea.h */ = {isa = PBXFileReference; lastKnownFileType = sourcecode.c.h; path = xtea.h; sourceTree = "<group>"; };
		24E593642331188800682DF7 /* crc.h */ = {isa = PBXFileReference; lastKnownFileType = sourcecode.c.h; path = crc.h; sourceTree = "<group>"; };
		24E593652331188800682DF7 /* hwcontext_vdpau.h */ = {isa = PBXFileReference; lastKnownFileType = sourcecode.c.h; path = hwcontext_vdpau.h; sourceTree = "<group>"; };
		24E593662331188800682DF7 /* frame.h */ = {isa = PBXFileReference; lastKnownFileType = sourcecode.c.h; path = frame.h; sourceTree = "<group>"; };
		24E593672331188800682DF7 /* file.h */ = {isa = PBXFileReference; lastKnownFileType = sourcecode.c.h; path = file.h; sourceTree = "<group>"; };
		24E593682331188800682DF7 /* md5.h */ = {isa = PBXFileReference; lastKnownFileType = sourcecode.c.h; path = md5.h; sourceTree = "<group>"; };
		24E593692331188800682DF7 /* cast5.h */ = {isa = PBXFileReference; lastKnownFileType = sourcecode.c.h; path = cast5.h; sourceTree = "<group>"; };
		24E5936A2331188800682DF7 /* hwcontext_vaapi.h */ = {isa = PBXFileReference; lastKnownFileType = sourcecode.c.h; path = hwcontext_vaapi.h; sourceTree = "<group>"; };
		24E5936B2331188800682DF7 /* spherical.h */ = {isa = PBXFileReference; lastKnownFileType = sourcecode.c.h; path = spherical.h; sourceTree = "<group>"; };
		24E5936C2331188800682DF7 /* ffversion.h */ = {isa = PBXFileReference; lastKnownFileType = sourcecode.c.h; path = ffversion.h; sourceTree = "<group>"; };
		24E5936D2331188800682DF7 /* audio_fifo.h */ = {isa = PBXFileReference; lastKnownFileType = sourcecode.c.h; path = audio_fifo.h; sourceTree = "<group>"; };
		24E5936E2331188800682DF7 /* tree.h */ = {isa = PBXFileReference; lastKnownFileType = sourcecode.c.h; path = tree.h; sourceTree = "<group>"; };
		24E5936F2331188800682DF7 /* threadmessage.h */ = {isa = PBXFileReference; lastKnownFileType = sourcecode.c.h; path = threadmessage.h; sourceTree = "<group>"; };
		24E593702331188800682DF7 /* attributes.h */ = {isa = PBXFileReference; lastKnownFileType = sourcecode.c.h; path = attributes.h; sourceTree = "<group>"; };
		24E593712331188800682DF7 /* adler32.h */ = {isa = PBXFileReference; lastKnownFileType = sourcecode.c.h; path = adler32.h; sourceTree = "<group>"; };
		24E593722331188800682DF7 /* hwcontext_d3d11va.h */ = {isa = PBXFileReference; lastKnownFileType = sourcecode.c.h; path = hwcontext_d3d11va.h; sourceTree = "<group>"; };
		24E593732331188800682DF7 /* timecode.h */ = {isa = PBXFileReference; lastKnownFileType = sourcecode.c.h; path = timecode.h; sourceTree = "<group>"; };
		24E593742331188800682DF7 /* sha512.h */ = {isa = PBXFileReference; lastKnownFileType = sourcecode.c.h; path = sha512.h; sourceTree = "<group>"; };
		24E593752331188800682DF7 /* hwcontext_dxva2.h */ = {isa = PBXFileReference; lastKnownFileType = sourcecode.c.h; path = hwcontext_dxva2.h; sourceTree = "<group>"; };
		24E593762331188800682DF7 /* display.h */ = {isa = PBXFileReference; lastKnownFileType = sourcecode.c.h; path = display.h; sourceTree = "<group>"; };
		24E593772331188800682DF7 /* buffer.h */ = {isa = PBXFileReference; lastKnownFileType = sourcecode.c.h; path = buffer.h; sourceTree = "<group>"; };
		24E593782331188800682DF7 /* camellia.h */ = {isa = PBXFileReference; lastKnownFileType = sourcecode.c.h; path = camellia.h; sourceTree = "<group>"; };
		24E593792331188800682DF7 /* pixelutils.h */ = {isa = PBXFileReference; lastKnownFileType = sourcecode.c.h; path = pixelutils.h; sourceTree = "<group>"; };
		24E5937A2331188800682DF7 /* hwcontext_drm.h */ = {isa = PBXFileReference; lastKnownFileType = sourcecode.c.h; path = hwcontext_drm.h; sourceTree = "<group>"; };
		24E5937B2331188800682DF7 /* common.h */ = {isa = PBXFileReference; lastKnownFileType = sourcecode.c.h; path = common.h; sourceTree = "<group>"; };
		24E5937C2331188800682DF7 /* hmac.h */ = {isa = PBXFileReference; lastKnownFileType = sourcecode.c.h; path = hmac.h; sourceTree = "<group>"; };
		24E5937D2331188800682DF7 /* eval.h */ = {isa = PBXFileReference; lastKnownFileType = sourcecode.c.h; path = eval.h; sourceTree = "<group>"; };
		24E5937E2331188800682DF7 /* dict.h */ = {isa = PBXFileReference; lastKnownFileType = sourcecode.c.h; path = dict.h; sourceTree = "<group>"; };
		24E5937F2331188800682DF7 /* random_seed.h */ = {isa = PBXFileReference; lastKnownFileType = sourcecode.c.h; path = random_seed.h; sourceTree = "<group>"; };
		24E593802331188800682DF7 /* opt.h */ = {isa = PBXFileReference; lastKnownFileType = sourcecode.c.h; path = opt.h; sourceTree = "<group>"; };
		24E593812331188800682DF7 /* mastering_display_metadata.h */ = {isa = PBXFileReference; lastKnownFileType = sourcecode.c.h; path = mastering_display_metadata.h; sourceTree = "<group>"; };
		24E593822331188800682DF7 /* log.h */ = {isa = PBXFileReference; lastKnownFileType = sourcecode.c.h; path = log.h; sourceTree = "<group>"; };
		24E593832331188800682DF7 /* aes.h */ = {isa = PBXFileReference; lastKnownFileType = sourcecode.c.h; path = aes.h; sourceTree = "<group>"; };
		24E593842331188800682DF7 /* macros.h */ = {isa = PBXFileReference; lastKnownFileType = sourcecode.c.h; path = macros.h; sourceTree = "<group>"; };
		24E593852331188800682DF7 /* bswap.h */ = {isa = PBXFileReference; lastKnownFileType = sourcecode.c.h; path = bswap.h; sourceTree = "<group>"; };
		24E593862331188800682DF7 /* rc4.h */ = {isa = PBXFileReference; lastKnownFileType = sourcecode.c.h; path = rc4.h; sourceTree = "<group>"; };
		24E593872331188800682DF7 /* tea.h */ = {isa = PBXFileReference; lastKnownFileType = sourcecode.c.h; path = tea.h; sourceTree = "<group>"; };
		24E593882331188800682DF7 /* cpu.h */ = {isa = PBXFileReference; lastKnownFileType = sourcecode.c.h; path = cpu.h; sourceTree = "<group>"; };
		24E593892331188800682DF7 /* lzo.h */ = {isa = PBXFileReference; lastKnownFileType = sourcecode.c.h; path = lzo.h; sourceTree = "<group>"; };
		24E5938A2331188800682DF7 /* des.h */ = {isa = PBXFileReference; lastKnownFileType = sourcecode.c.h; path = des.h; sourceTree = "<group>"; };
		24E5938B2331188800682DF7 /* channel_layout.h */ = {isa = PBXFileReference; lastKnownFileType = sourcecode.c.h; path = channel_layout.h; sourceTree = "<group>"; };
		24E5938C2331188800682DF7 /* twofish.h */ = {isa = PBXFileReference; lastKnownFileType = sourcecode.c.h; path = twofish.h; sourceTree = "<group>"; };
		24E5938D2331188800682DF7 /* imgutils.h */ = {isa = PBXFileReference; lastKnownFileType = sourcecode.c.h; path = imgutils.h; sourceTree = "<group>"; };
		24E5938E2331188800682DF7 /* hwcontext_videotoolbox.h */ = {isa = PBXFileReference; lastKnownFileType = sourcecode.c.h; path = hwcontext_videotoolbox.h; sourceTree = "<group>"; };
		24E5938F2331188800682DF7 /* mem.h */ = {isa = PBXFileReference; lastKnownFileType = sourcecode.c.h; path = mem.h; sourceTree = "<group>"; };
		24E593902331188800682DF7 /* parseutils.h */ = {isa = PBXFileReference; lastKnownFileType = sourcecode.c.h; path = parseutils.h; sourceTree = "<group>"; };
		24E593912331188800682DF7 /* ripemd.h */ = {isa = PBXFileReference; lastKnownFileType = sourcecode.c.h; path = ripemd.h; sourceTree = "<group>"; };
		24E593922331188800682DF7 /* bprint.h */ = {isa = PBXFileReference; lastKnownFileType = sourcecode.c.h; path = bprint.h; sourceTree = "<group>"; };
		24E593932331188800682DF7 /* hwcontext_qsv.h */ = {isa = PBXFileReference; lastKnownFileType = sourcecode.c.h; path = hwcontext_qsv.h; sourceTree = "<group>"; };
		24E593942331188800682DF7 /* pixfmt.h */ = {isa = PBXFileReference; lastKnownFileType = sourcecode.c.h; path = pixfmt.h; sourceTree = "<group>"; };
		24E593952331188800682DF7 /* aes_ctr.h */ = {isa = PBXFileReference; lastKnownFileType = sourcecode.c.h; path = aes_ctr.h; sourceTree = "<group>"; };
		24E593962331188800682DF7 /* timestamp.h */ = {isa = PBXFileReference; lastKnownFileType = sourcecode.c.h; path = timestamp.h; sourceTree = "<group>"; };
		24E593972331188800682DF7 /* downmix_info.h */ = {isa = PBXFileReference; lastKnownFileType = sourcecode.c.h; path = downmix_info.h; sourceTree = "<group>"; };
		24E593982331188800682DF7 /* avassert.h */ = {isa = PBXFileReference; lastKnownFileType = sourcecode.c.h; path = avassert.h; sourceTree = "<group>"; };
		24E593992331188800682DF7 /* hash.h */ = {isa = PBXFileReference; lastKnownFileType = sourcecode.c.h; path = hash.h; sourceTree = "<group>"; };
		24E5939A2331188800682DF7 /* mathematics.h */ = {isa = PBXFileReference; lastKnownFileType = sourcecode.c.h; path = mathematics.h; sourceTree = "<group>"; };
		24E5939B2331188800682DF7 /* intreadwrite.h */ = {isa = PBXFileReference; lastKnownFileType = sourcecode.c.h; path = intreadwrite.h; sourceTree = "<group>"; };
		24E5939C2331188800682DF7 /* avstring.h */ = {isa = PBXFileReference; lastKnownFileType = sourcecode.c.h; path = avstring.h; sourceTree = "<group>"; };
		24E5939E2331188800682DF7 /* version.h */ = {isa = PBXFileReference; lastKnownFileType = sourcecode.c.h; path = version.h; sourceTree = "<group>"; };
		24E5939F2331188800682DF7 /* avdevice.h */ = {isa = PBXFileReference; lastKnownFileType = sourcecode.c.h; path = avdevice.h; sourceTree = "<group>"; };
		24E593A12331188800682DF7 /* version.h */ = {isa = PBXFileReference; lastKnownFileType = sourcecode.c.h; path = version.h; sourceTree = "<group>"; };
		24E593A22331188800682DF7 /* avio.h */ = {isa = PBXFileReference; lastKnownFileType = sourcecode.c.h; path = avio.h; sourceTree = "<group>"; };
		24E593A32331188800682DF7 /* avformat.h */ = {isa = PBXFileReference; lastKnownFileType = sourcecode.c.h; path = avformat.h; sourceTree = "<group>"; };
		24E593A52331188800682DF7 /* version.h */ = {isa = PBXFileReference; lastKnownFileType = sourcecode.c.h; path = version.h; sourceTree = "<group>"; };
		24E593A62331188800682DF7 /* swscale.h */ = {isa = PBXFileReference; lastKnownFileType = sourcecode.c.h; path = swscale.h; sourceTree = "<group>"; };
		24E593A82331188800682DF7 /* avcodec.h */ = {isa = PBXFileReference; lastKnownFileType = sourcecode.c.h; path = avcodec.h; sourceTree = "<group>"; };
		24E593A92331188800682DF7 /* version.h */ = {isa = PBXFileReference; lastKnownFileType = sourcecode.c.h; path = version.h; sourceTree = "<group>"; };
		24E593AA2331188800682DF7 /* vdpau.h */ = {isa = PBXFileReference; lastKnownFileType = sourcecode.c.h; path = vdpau.h; sourceTree = "<group>"; };
		24E593AB2331188800682DF7 /* qsv.h */ = {isa = PBXFileReference; lastKnownFileType = sourcecode.c.h; path = qsv.h; sourceTree = "<group>"; };
		24E593AC2331188800682DF7 /* vaapi.h */ = {isa = PBXFileReference; lastKnownFileType = sourcecode.c.h; path = vaapi.h; sourceTree = "<group>"; };
		24E593AD2331188800682DF7 /* videotoolbox.h */ = {isa = PBXFileReference; lastKnownFileType = sourcecode.c.h; path = videotoolbox.h; sourceTree = "<group>"; };
		24E593AE2331188800682DF7 /* xvmc.h */ = {isa = PBXFileReference; lastKnownFileType = sourcecode.c.h; path = xvmc.h; sourceTree = "<group>"; };
		24E593AF2331188800682DF7 /* mediacodec.h */ = {isa = PBXFileReference; lastKnownFileType = sourcecode.c.h; path = mediacodec.h; sourceTree = "<group>"; };
		24E593B02331188800682DF7 /* d3d11va.h */ = {isa = PBXFileReference; lastKnownFileType = sourcecode.c.h; path = d3d11va.h; sourceTree = "<group>"; };
		24E593B12331188800682DF7 /* avfft.h */ = {isa = PBXFileReference; lastKnownFileType = sourcecode.c.h; path = avfft.h; sourceTree = "<group>"; };
		24E593B22331188800682DF7 /* vda.h */ = {isa = PBXFileReference; lastKnownFileType = sourcecode.c.h; path = vda.h; sourceTree = "<group>"; };
		24E593B32331188800682DF7 /* jni.h */ = {isa = PBXFileReference; lastKnownFileType = sourcecode.c.h; path = jni.h; sourceTree = "<group>"; };
		24E593B42331188800682DF7 /* dirac.h */ = {isa = PBXFileReference; lastKnownFileType = sourcecode.c.h; path = dirac.h; sourceTree = "<group>"; };
		24E593B52331188800682DF7 /* avdct.h */ = {isa = PBXFileReference; lastKnownFileType = sourcecode.c.h; path = avdct.h; sourceTree = "<group>"; };
		24E593B62331188800682DF7 /* vorbis_parser.h */ = {isa = PBXFileReference; lastKnownFileType = sourcecode.c.h; path = vorbis_parser.h; sourceTree = "<group>"; };
		24E593B72331188800682DF7 /* dxva2.h */ = {isa = PBXFileReference; lastKnownFileType = sourcecode.c.h; path = dxva2.h; sourceTree = "<group>"; };
		24E593B82331188800682DF7 /* dv_profile.h */ = {isa = PBXFileReference; lastKnownFileType = sourcecode.c.h; path = dv_profile.h; sourceTree = "<group>"; };
		24E593BA2331188800682DF7 /* version.h */ = {isa = PBXFileReference; lastKnownFileType = sourcecode.c.h; path = version.h; sourceTree = "<group>"; };
		24E593BB2331188800682DF7 /* swresample.h */ = {isa = PBXFileReference; lastKnownFileType = sourcecode.c.h; path = swresample.h; sourceTree = "<group>"; };
		24E593BD2331188800682DF7 /* libavutil.a */ = {isa = PBXFileReference; lastKnownFileType = archive.ar; path = libavutil.a; sourceTree = "<group>"; };
		24E593BE2331188800682DF7 /* libavfilter.a */ = {isa = PBXFileReference; lastKnownFileType = archive.ar; path = libavfilter.a; sourceTree = "<group>"; };
		24E593BF2331188800682DF7 /* libavcodec.a */ = {isa = PBXFileReference; lastKnownFileType = archive.ar; path = libavcodec.a; sourceTree = "<group>"; };
		24E593C02331188800682DF7 /* libpostproc.a */ = {isa = PBXFileReference; lastKnownFileType = archive.ar; path = libpostproc.a; sourceTree = "<group>"; };
		24E593C12331188800682DF7 /* libavformat.a */ = {isa = PBXFileReference; lastKnownFileType = archive.ar; path = libavformat.a; sourceTree = "<group>"; };
		24E593C22331188800682DF7 /* libavdevice.a */ = {isa = PBXFileReference; lastKnownFileType = archive.ar; path = libavdevice.a; sourceTree = "<group>"; };
		24E593C32331188800682DF7 /* libswresample.a */ = {isa = PBXFileReference; lastKnownFileType = archive.ar; path = libswresample.a; sourceTree = "<group>"; };
		24E593C42331188800682DF7 /* libswscale.a */ = {isa = PBXFileReference; lastKnownFileType = archive.ar; path = libswscale.a; sourceTree = "<group>"; };
		24E593C72331189A00682DF7 /* libyuv.h */ = {isa = PBXFileReference; lastKnownFileType = sourcecode.c.h; path = libyuv.h; sourceTree = "<group>"; };
		24E593C92331189A00682DF7 /* scale_row.h */ = {isa = PBXFileReference; lastKnownFileType = sourcecode.c.h; path = scale_row.h; sourceTree = "<group>"; };
		24E593CA2331189A00682DF7 /* scale.h */ = {isa = PBXFileReference; lastKnownFileType = sourcecode.c.h; path = scale.h; sourceTree = "<group>"; };
		24E593CB2331189A00682DF7 /* version.h */ = {isa = PBXFileReference; lastKnownFileType = sourcecode.c.h; path = version.h; sourceTree = "<group>"; };
		24E593CC2331189A00682DF7 /* cpu_id.h */ = {isa = PBXFileReference; lastKnownFileType = sourcecode.c.h; path = cpu_id.h; sourceTree = "<group>"; };
		24E593CD2331189A00682DF7 /* video_common.h */ = {isa = PBXFileReference; lastKnownFileType = sourcecode.c.h; path = video_common.h; sourceTree = "<group>"; };
		24E593CE2331189A00682DF7 /* compare_row.h */ = {isa = PBXFileReference; lastKnownFileType = sourcecode.c.h; path = compare_row.h; sourceTree = "<group>"; };
		24E593CF2331189A00682DF7 /* mjpeg_decoder.h */ = {isa = PBXFileReference; lastKnownFileType = sourcecode.c.h; path = mjpeg_decoder.h; sourceTree = "<group>"; };
		24E593D02331189A00682DF7 /* rotate_row.h */ = {isa = PBXFileReference; lastKnownFileType = sourcecode.c.h; path = rotate_row.h; sourceTree = "<group>"; };
		24E593D12331189A00682DF7 /* planar_functions.h */ = {isa = PBXFileReference; lastKnownFileType = sourcecode.c.h; path = planar_functions.h; sourceTree = "<group>"; };
		24E593D22331189A00682DF7 /* scale_argb.h */ = {isa = PBXFileReference; lastKnownFileType = sourcecode.c.h; path = scale_argb.h; sourceTree = "<group>"; };
		24E593D32331189A00682DF7 /* compare.h */ = {isa = PBXFileReference; lastKnownFileType = sourcecode.c.h; path = compare.h; sourceTree = "<group>"; };
		24E593D42331189A00682DF7 /* convert_argb.h */ = {isa = PBXFileReference; lastKnownFileType = sourcecode.c.h; path = convert_argb.h; sourceTree = "<group>"; };
		24E593D52331189A00682DF7 /* rotate.h */ = {isa = PBXFileReference; lastKnownFileType = sourcecode.c.h; path = rotate.h; sourceTree = "<group>"; };
		24E593D62331189A00682DF7 /* convert_from_argb.h */ = {isa = PBXFileReference; lastKnownFileType = sourcecode.c.h; path = convert_from_argb.h; sourceTree = "<group>"; };
		24E593D72331189A00682DF7 /* basic_types.h */ = {isa = PBXFileReference; lastKnownFileType = sourcecode.c.h; path = basic_types.h; sourceTree = "<group>"; };
		24E593D82331189A00682DF7 /* convert_from.h */ = {isa = PBXFileReference; lastKnownFileType = sourcecode.c.h; path = convert_from.h; sourceTree = "<group>"; };
		24E593D92331189A00682DF7 /* convert.h */ = {isa = PBXFileReference; lastKnownFileType = sourcecode.c.h; path = convert.h; sourceTree = "<group>"; };
		24E593DA2331189A00682DF7 /* rotate_argb.h */ = {isa = PBXFileReference; lastKnownFileType = sourcecode.c.h; path = rotate_argb.h; sourceTree = "<group>"; };
		24E593DB2331189A00682DF7 /* macros_msa.h */ = {isa = PBXFileReference; lastKnownFileType = sourcecode.c.h; path = macros_msa.h; sourceTree = "<group>"; };
		24E593DC2331189A00682DF7 /* row.h */ = {isa = PBXFileReference; lastKnownFileType = sourcecode.c.h; path = row.h; sourceTree = "<group>"; };
		24E593DE2331189A00682DF7 /* libyuv.a */ = {isa = PBXFileReference; lastKnownFileType = archive.ar; path = libyuv.a; sourceTree = "<group>"; };
		24E5942423311A2500682DF7 /* AFOFFMpeg.pch */ = {isa = PBXFileReference; lastKnownFileType = sourcecode.c.h; path = AFOFFMpeg.pch; sourceTree = "<group>"; };
		24EBB0D72332236400B95E25 /* AFOMediaForeignInterface.m */ = {isa = PBXFileReference; lastKnownFileType = sourcecode.c.objc; path = AFOMediaForeignInterface.m; sourceTree = "<group>"; };
		24EBB0D82332236400B95E25 /* AFOMediaOpenGLView.h */ = {isa = PBXFileReference; lastKnownFileType = sourcecode.c.h; path = AFOMediaOpenGLView.h; sourceTree = "<group>"; };
		24EBB0D92332236400B95E25 /* AFOVideoFrame.h */ = {isa = PBXFileReference; lastKnownFileType = sourcecode.c.h; path = AFOVideoFrame.h; sourceTree = "<group>"; };
		24EBB0DA2332236400B95E25 /* AFOAudioSession.m */ = {isa = PBXFileReference; lastKnownFileType = sourcecode.c.objc; path = AFOAudioSession.m; sourceTree = "<group>"; };
		24EBB0DB2332236400B95E25 /* AFOMediaManager.m */ = {isa = PBXFileReference; lastKnownFileType = sourcecode.c.objc; path = AFOMediaManager.m; sourceTree = "<group>"; };
		24EBB0DC2332236400B95E25 /* AFOMediaDecoder.m */ = {isa = PBXFileReference; lastKnownFileType = sourcecode.c.objc; path = AFOMediaDecoder.m; sourceTree = "<group>"; };
		24EBB0DD2332236400B95E25 /* AFOAudioOutPut.h */ = {isa = PBXFileReference; lastKnownFileType = sourcecode.c.h; path = AFOAudioOutPut.h; sourceTree = "<group>"; };
		24EBB0DE2332236400B95E25 /* AFOMediaControlView.m */ = {isa = PBXFileReference; lastKnownFileType = sourcecode.c.objc; path = AFOMediaControlView.m; sourceTree = "<group>"; };
		24EBB0DF2332236400B95E25 /* AFOMediaPlayController+AFOOrientation.h */ = {isa = PBXFileReference; lastKnownFileType = sourcecode.c.h; path = "AFOMediaPlayController+AFOOrientation.h"; sourceTree = "<group>"; };
		24EBB0E02332236400B95E25 /* AFOMediaErrorString.h */ = {isa = PBXFileReference; lastKnownFileType = sourcecode.c.h; path = AFOMediaErrorString.h; sourceTree = "<group>"; };
		24EBB0E12332236400B95E25 /* AFOMediaFrame.m */ = {isa = PBXFileReference; lastKnownFileType = sourcecode.c.objc; path = AFOMediaFrame.m; sourceTree = "<group>"; };
		24EBB0E22332236400B95E25 /* AFOMediaYUV.h */ = {isa = PBXFileReference; lastKnownFileType = sourcecode.c.h; path = AFOMediaYUV.h; sourceTree = "<group>"; };
		24EBB0E32332236400B95E25 /* AFOMediaPlayControllerCategory.h */ = {isa = PBXFileReference; lastKnownFileType = sourcecode.c.h; path = AFOMediaPlayControllerCategory.h; sourceTree = "<group>"; };
		24EBB0E42332236400B95E25 /* AFOMediaSeekFrame+Conditional.h */ = {isa = PBXFileReference; lastKnownFileType = sourcecode.c.h; path = "AFOMediaSeekFrame+Conditional.h"; sourceTree = "<group>"; };
		24EBB0E52332236400B95E25 /* AFOAudioThreadDecoder.h */ = {isa = PBXFileReference; lastKnownFileType = sourcecode.c.h; path = AFOAudioThreadDecoder.h; sourceTree = "<group>"; };
		24EBB0E62332236400B95E25 /* AFOMediaSeekFrame.h */ = {isa = PBXFileReference; lastKnownFileType = sourcecode.c.h; path = AFOMediaSeekFrame.h; sourceTree = "<group>"; };
		24EBB0E72332236400B95E25 /* AFOVideoAudioManager.h */ = {isa = PBXFileReference; lastKnownFileType = sourcecode.c.h; path = AFOVideoAudioManager.h; sourceTree = "<group>"; };
		24EBB0E82332236400B95E25 /* AFOMediaConditional.h */ = {isa = PBXFileReference; lastKnownFileType = sourcecode.c.h; path = AFOMediaConditional.h; sourceTree = "<group>"; };
		24EBB0E92332236400B95E25 /* AFOAudioCache.m */ = {isa = PBXFileReference; lastKnownFileType = sourcecode.c.objc; path = AFOAudioCache.m; sourceTree = "<group>"; };
		24EBB0EA2332236400B95E25 /* AFOAudioDecoder.h */ = {isa = PBXFileReference; lastKnownFileType = sourcecode.c.h; path = AFOAudioDecoder.h; sourceTree = "<group>"; };
		24EBB0EB2332236400B95E25 /* AFOAudioManager.h */ = {isa = PBXFileReference; lastKnownFileType = sourcecode.c.h; path = AFOAudioManager.h; sourceTree = "<group>"; };
		24EBB0EC2332236400B95E25 /* AFOMediaThumbnail.h */ = {isa = PBXFileReference; lastKnownFileType = sourcecode.c.h; path = AFOMediaThumbnail.h; sourceTree = "<group>"; };
		24EBB0ED2332236400B95E25 /* AFOMediaView.h */ = {isa = PBXFileReference; lastKnownFileType = sourcecode.c.h; path = AFOMediaView.h; sourceTree = "<group>"; };
		24EBB0EE2332236400B95E25 /* AFOVideoFrameYUV.m */ = {isa = PBXFileReference; lastKnownFileType = sourcecode.c.objc; path = AFOVideoFrameYUV.m; sourceTree = "<group>"; };
		24EBB0EF2332236400B95E25 /* AFOAudioPacket.m */ = {isa = PBXFileReference; lastKnownFileType = sourcecode.c.objc; path = AFOAudioPacket.m; sourceTree = "<group>"; };
		24EBB0F02332236400B95E25 /* AFOMediaErrorCodeManager.h */ = {isa = PBXFileReference; lastKnownFileType = sourcecode.c.h; path = AFOMediaErrorCodeManager.h; sourceTree = "<group>"; };
		24EBB0F12332236400B95E25 /* AFOMediaPlayController+AFOGestures.m */ = {isa = PBXFileReference; lastKnownFileType = sourcecode.c.objc; path = "AFOMediaPlayController+AFOGestures.m"; sourceTree = "<group>"; };
		24EBB0F22332236400B95E25 /* AFOMediaTimer.h */ = {isa = PBXFileReference; lastKnownFileType = sourcecode.c.h; path = AFOMediaTimer.h; sourceTree = "<group>"; };
		24EBB0F32332236400B95E25 /* AFOGenerateImages.m */ = {isa = PBXFileReference; lastKnownFileType = sourcecode.c.objc; path = AFOGenerateImages.m; sourceTree = "<group>"; };
		24EBB0F42332236400B95E25 /* AFOVideoFrameRGB.m */ = {isa = PBXFileReference; lastKnownFileType = sourcecode.c.objc; path = AFOVideoFrameRGB.m; sourceTree = "<group>"; };
		24EBB0F52332236400B95E25 /* AFOAudioQueue.h */ = {isa = PBXFileReference; lastKnownFileType = sourcecode.c.h; path = AFOAudioQueue.h; sourceTree = "<group>"; };
		24EBB0F62332236400B95E25 /* AFOPlayMediaManager.m */ = {isa = PBXFileReference; lastKnownFileType = sourcecode.c.objc; path = AFOPlayMediaManager.m; sourceTree = "<group>"; };
		24EBB0F72332236400B95E25 /* AFOMediaQueueManager.h */ = {isa = PBXFileReference; lastKnownFileType = sourcecode.c.h; path = AFOMediaQueueManager.h; sourceTree = "<group>"; };
		24EBB0F82332236400B95E25 /* AFOAudioOutPut.m */ = {isa = PBXFileReference; lastKnownFileType = sourcecode.c.objc; path = AFOAudioOutPut.m; sourceTree = "<group>"; };
		24EBB0F92332236400B95E25 /* AFOMediaDecoder.h */ = {isa = PBXFileReference; lastKnownFileType = sourcecode.c.h; path = AFOMediaDecoder.h; sourceTree = "<group>"; };
		24EBB0FA2332236400B95E25 /* AFOMediaManager.h */ = {isa = PBXFileReference; lastKnownFileType = sourcecode.c.h; path = AFOMediaManager.h; sourceTree = "<group>"; };
		24EBB0FB2332236400B95E25 /* AFOAudioSession.h */ = {isa = PBXFileReference; lastKnownFileType = sourcecode.c.h; path = AFOAudioSession.h; sourceTree = "<group>"; };
		24EBB0FC2332236400B95E25 /* AFOVideoFrame.m */ = {isa = PBXFileReference; lastKnownFileType = sourcecode.c.objc; path = AFOVideoFrame.m; sourceTree = "<group>"; };
		24EBB0FD2332236400B95E25 /* AFOMediaFrameImport.h */ = {isa = PBXFileReference; lastKnownFileType = sourcecode.c.h; path = AFOMediaFrameImport.h; sourceTree = "<group>"; };
		24EBB0FE2332236400B95E25 /* AFOMediaOpenGLView.m */ = {isa = PBXFileReference; lastKnownFileType = sourcecode.c.objc; path = AFOMediaOpenGLView.m; sourceTree = "<group>"; };
		24EBB0FF2332236400B95E25 /* AFOVideoAudioManager.m */ = {isa = PBXFileReference; lastKnownFileType = sourcecode.c.objc; path = AFOVideoAudioManager.m; sourceTree = "<group>"; };
		24EBB1002332236400B95E25 /* AFOMediaSeekFrame.m */ = {isa = PBXFileReference; lastKnownFileType = sourcecode.c.objc; path = AFOMediaSeekFrame.m; sourceTree = "<group>"; };
		24EBB1012332236400B95E25 /* AFOAudioThreadDecoder.m */ = {isa = PBXFileReference; lastKnownFileType = sourcecode.c.objc; path = AFOAudioThreadDecoder.m; sourceTree = "<group>"; };
		24EBB1022332236400B95E25 /* AFOMediaSeekFrame+Conditional.m */ = {isa = PBXFileReference; lastKnownFileType = sourcecode.c.objc; path = "AFOMediaSeekFrame+Conditional.m"; sourceTree = "<group>"; };
		24EBB1032332236400B95E25 /* AFOMediaYUV.m */ = {isa = PBXFileReference; lastKnownFileType = sourcecode.c.objc; path = AFOMediaYUV.m; sourceTree = "<group>"; };
		24EBB1042332236400B95E25 /* AFOMediaFrame.h */ = {isa = PBXFileReference; lastKnownFileType = sourcecode.c.h; path = AFOMediaFrame.h; sourceTree = "<group>"; };
		24EBB1052332236400B95E25 /* AFOMediaPlayController+AFOOrientation.m */ = {isa = PBXFileReference; lastKnownFileType = sourcecode.c.objc; path = "AFOMediaPlayController+AFOOrientation.m"; sourceTree = "<group>"; };
		24EBB1062332236400B95E25 /* AFOMediaControlView.h */ = {isa = PBXFileReference; lastKnownFileType = sourcecode.c.h; path = AFOMediaControlView.h; sourceTree = "<group>"; };
		24EBB1072332236400B95E25 /* AFOAudioPacket.h */ = {isa = PBXFileReference; lastKnownFileType = sourcecode.c.h; path = AFOAudioPacket.h; sourceTree = "<group>"; };
		24EBB1082332236400B95E25 /* AFOMediaView.m */ = {isa = PBXFileReference; lastKnownFileType = sourcecode.c.objc; path = AFOMediaView.m; sourceTree = "<group>"; };
		24EBB1092332236400B95E25 /* AFOVideoFrameYUV.h */ = {isa = PBXFileReference; lastKnownFileType = sourcecode.c.h; path = AFOVideoFrameYUV.h; sourceTree = "<group>"; };
		24EBB10A2332236400B95E25 /* AFOMediaThumbnail.m */ = {isa = PBXFileReference; lastKnownFileType = sourcecode.c.objc; path = AFOMediaThumbnail.m; sourceTree = "<group>"; };
		24EBB10B2332236400B95E25 /* AFOAudioManager.m */ = {isa = PBXFileReference; lastKnownFileType = sourcecode.c.objc; path = AFOAudioManager.m; sourceTree = "<group>"; };
		24EBB10C2332236400B95E25 /* AFOAudioDecoder.m */ = {isa = PBXFileReference; lastKnownFileType = sourcecode.c.objc; path = AFOAudioDecoder.m; sourceTree = "<group>"; };
		24EBB10D2332236400B95E25 /* AFOMediaConditional.m */ = {isa = PBXFileReference; lastKnownFileType = sourcecode.c.objc; path = AFOMediaConditional.m; sourceTree = "<group>"; };
		24EBB10E2332236400B95E25 /* AFOAudioCache.h */ = {isa = PBXFileReference; lastKnownFileType = sourcecode.c.h; path = AFOAudioCache.h; sourceTree = "<group>"; };
		24EBB10F2332236400B95E25 /* AFOPlayMediaManager.h */ = {isa = PBXFileReference; lastKnownFileType = sourcecode.c.h; path = AFOPlayMediaManager.h; sourceTree = "<group>"; };
		24EBB1102332236400B95E25 /* AFOMediaQueueManager.m */ = {isa = PBXFileReference; lastKnownFileType = sourcecode.c.objc; path = AFOMediaQueueManager.m; sourceTree = "<group>"; };
		24EBB1112332236400B95E25 /* AFOMediaPlayController.m */ = {isa = PBXFileReference; lastKnownFileType = sourcecode.c.objc; path = AFOMediaPlayController.m; sourceTree = "<group>"; };
		24EBB1122332236400B95E25 /* AFOAudioQueue.m */ = {isa = PBXFileReference; lastKnownFileType = sourcecode.c.objc; path = AFOAudioQueue.m; sourceTree = "<group>"; };
		24EBB1132332236400B95E25 /* AFOVideoFrameRGB.h */ = {isa = PBXFileReference; lastKnownFileType = sourcecode.c.h; path = AFOVideoFrameRGB.h; sourceTree = "<group>"; };
		24EBB1142332236400B95E25 /* AFOGenerateImages.h */ = {isa = PBXFileReference; lastKnownFileType = sourcecode.c.h; path = AFOGenerateImages.h; sourceTree = "<group>"; };
		24EBB1152332236400B95E25 /* AFOMediaTimer.m */ = {isa = PBXFileReference; lastKnownFileType = sourcecode.c.objc; path = AFOMediaTimer.m; sourceTree = "<group>"; };
		24EBB1162332236400B95E25 /* AFOMediaPlayController+AFOGestures.h */ = {isa = PBXFileReference; lastKnownFileType = sourcecode.c.h; path = "AFOMediaPlayController+AFOGestures.h"; sourceTree = "<group>"; };
		24EBB1172332236400B95E25 /* AFOMediaErrorCodeManager.m */ = {isa = PBXFileReference; lastKnownFileType = sourcecode.c.objc; path = AFOMediaErrorCodeManager.m; sourceTree = "<group>"; };
		8D4CA313006449D6B479D8FD /* Pods-AFOFFMpeg.release.xcconfig */ = {isa = PBXFileReference; includeInIndex = 1; lastKnownFileType = text.xcconfig; name = "Pods-AFOFFMpeg.release.xcconfig"; path = "Target Support Files/Pods-AFOFFMpeg/Pods-AFOFFMpeg.release.xcconfig"; sourceTree = "<group>"; };
		C215BB64AD96FF0492A70BBA /* Pods-AFOFFMpeg.debug.xcconfig */ = {isa = PBXFileReference; includeInIndex = 1; lastKnownFileType = text.xcconfig; name = "Pods-AFOFFMpeg.debug.xcconfig"; path = "Target Support Files/Pods-AFOFFMpeg/Pods-AFOFFMpeg.debug.xcconfig"; sourceTree = "<group>"; };
		E6C3DF97E31429DA00550B5A /* libPods-AFOFFMpeg.a */ = {isa = PBXFileReference; explicitFileType = archive.ar; includeInIndex = 0; path = "libPods-AFOFFMpeg.a"; sourceTree = BUILT_PRODUCTS_DIR; };
/* End PBXFileReference section */

/* Begin PBXFrameworksBuildPhase section */
		24BAFDB71FF4B12900D2EAB9 /* Frameworks */ = {
			isa = PBXFrameworksBuildPhase;
			buildActionMask = 2147483647;
			files = (
				24B08EB7233257F5007225ED /* libAFOFoundation.a in Frameworks */,
				24B08EB9233257F5007225ED /* libAFOGitHub.a in Frameworks */,
				24B08EBB233257F5007225ED /* libAFORouter.a in Frameworks */,
				24B08EBD233257F5007225ED /* libAFOUIKIT.a in Frameworks */,
				24B08EBF233257F5007225ED /* libAFOViews.a in Frameworks */,
				24814F6721B4FC06001B2388 /* libfdk-aac.a in Frameworks */,
				2413B77B21CFD20A0073F742 /* libxvidcore.a in Frameworks */,
				922E6559DEB8E99FA090F6B5 /* libPods-AFOFFMpeg.a in Frameworks */,
				24BAFED21FF4BD1D00D2EAB9 /* VideoToolbox.framework in Frameworks */,
				24BAFED01FF4BD0700D2EAB9 /* CoreMedia.framework in Frameworks */,
				24BAFECE1FF4BCF800D2EAB9 /* CoreGraphics.framework in Frameworks */,
				24BAFECC1FF4BCEB00D2EAB9 /* CoreImage.framework in Frameworks */,
				24BAFECA1FF4BCD200D2EAB9 /* OpenGLES.framework in Frameworks */,
				24BAFEC81FF4BCBF00D2EAB9 /* AVFoundation.framework in Frameworks */,
				24BAFEC61FF4BCB400D2EAB9 /* AudioToolbox.framework in Frameworks */,
			);
			runOnlyForDeploymentPostprocessing = 0;
		};
/* End PBXFrameworksBuildPhase section */

/* Begin PBXGroup section */
		2413B77521CFD20A0073F742 /* libxvidcore */ = {
			isa = PBXGroup;
			children = (
				2413B77621CFD20A0073F742 /* include */,
				2413B77821CFD20A0073F742 /* lib */,
			);
			path = libxvidcore;
			sourceTree = "<group>";
		};
		2413B77621CFD20A0073F742 /* include */ = {
			isa = PBXGroup;
			children = (
				2413B77721CFD20A0073F742 /* xvid.h */,
			);
			path = include;
			sourceTree = "<group>";
		};
		2413B77821CFD20A0073F742 /* lib */ = {
			isa = PBXGroup;
			children = (
				2413B77921CFD20A0073F742 /* libxvidcore.a */,
			);
			path = lib;
			sourceTree = "<group>";
		};
		24814F5821B4FC06001B2388 /* aac */ = {
			isa = PBXGroup;
			children = (
				24814F5921B4FC06001B2388 /* include */,
				24814F6021B4FC06001B2388 /* lib */,
			);
			path = aac;
			sourceTree = "<group>";
		};
		24814F5921B4FC06001B2388 /* include */ = {
			isa = PBXGroup;
			children = (
				24814F5A21B4FC06001B2388 /* fdk-aac */,
			);
			path = include;
			sourceTree = "<group>";
		};
		24814F5A21B4FC06001B2388 /* fdk-aac */ = {
			isa = PBXGroup;
			children = (
				24814F5B21B4FC06001B2388 /* aacdecoder_lib.h */,
				24814F5C21B4FC06001B2388 /* machine_type.h */,
				24814F5D21B4FC06001B2388 /* aacenc_lib.h */,
				24814F5E21B4FC06001B2388 /* genericStds.h */,
				24814F5F21B4FC06001B2388 /* FDK_audio.h */,
			);
			path = "fdk-aac";
			sourceTree = "<group>";
		};
		24814F6021B4FC06001B2388 /* lib */ = {
			isa = PBXGroup;
			children = (
				24814F6121B4FC06001B2388 /* libfdk-aac.a */,
			);
			path = lib;
			sourceTree = "<group>";
		};
		24BAFDB11FF4B12900D2EAB9 = {
			isa = PBXGroup;
			children = (
				24BAFDBD1FF4B12900D2EAB9 /* AFOFFMpeg */,
				24BAFDBC1FF4B12900D2EAB9 /* Products */,
				24BAFEC41FF4BCB400D2EAB9 /* Frameworks */,
				D355983552DD45887E11029F /* Pods */,
			);
			sourceTree = "<group>";
		};
		24BAFDBC1FF4B12900D2EAB9 /* Products */ = {
			isa = PBXGroup;
			children = (
				24BAFDBB1FF4B12900D2EAB9 /* AFOFFMpeg.framework */,
			);
			name = Products;
			sourceTree = "<group>";
		};
		24BAFDBD1FF4B12900D2EAB9 /* AFOFFMpeg */ = {
			isa = PBXGroup;
			children = (
				24BAFDBE1FF4B12900D2EAB9 /* AFOFFMpeg.h */,
				2404875B2008459600D369FB /* AFOMediaForeignInterface.h */,
				24EBB0D72332236400B95E25 /* AFOMediaForeignInterface.m */,
				24E5942423311A2500682DF7 /* AFOFFMpeg.pch */,
				24EBB0D62332236400B95E25 /* media */,
				24DAD34F23321178001D2CE4 /* x264 */,
				24E593C52331189A00682DF7 /* libyuv */,
				24E593432331188800682DF7 /* FFmpeg */,
				24814F5821B4FC06001B2388 /* aac */,
				2413B77521CFD20A0073F742 /* libxvidcore */,
			);
			path = AFOFFMpeg;
			sourceTree = "<group>";
		};
		24BAFEC41FF4BCB400D2EAB9 /* Frameworks */ = {
			isa = PBXGroup;
			children = (
				24B08EB6233257F5007225ED /* libAFOFoundation.a */,
				24B08EB8233257F5007225ED /* libAFOGitHub.a */,
				24B08EBA233257F5007225ED /* libAFORouter.a */,
				24B08EBC233257F5007225ED /* libAFOUIKIT.a */,
				24B08EBE233257F5007225ED /* libAFOViews.a */,
				2408BB3C200877D80049060F /* libsqlite3.tbd */,
				24A59FBC2008387200311ACB /* libiconv.tbd */,
				24A59FBA2008386B00311ACB /* libbz2.tbd */,
				24A59FB82008382B00311ACB /* libz.tbd */,
				24BAFED11FF4BD1D00D2EAB9 /* VideoToolbox.framework */,
				24BAFECF1FF4BD0700D2EAB9 /* CoreMedia.framework */,
				24BAFECD1FF4BCF800D2EAB9 /* CoreGraphics.framework */,
				24BAFECB1FF4BCEB00D2EAB9 /* CoreImage.framework */,
				24BAFEC91FF4BCD200D2EAB9 /* OpenGLES.framework */,
				24BAFEC71FF4BCBF00D2EAB9 /* AVFoundation.framework */,
				24BAFEC51FF4BCB400D2EAB9 /* AudioToolbox.framework */,
				E6C3DF97E31429DA00550B5A /* libPods-AFOFFMpeg.a */,
			);
			name = Frameworks;
			sourceTree = "<group>";
		};
		24BBD96523335CAA006F920E /* audio */ = {
			isa = PBXGroup;
			children = (
				24EBB0EB2332236400B95E25 /* AFOAudioManager.h */,
				24EBB10B2332236400B95E25 /* AFOAudioManager.m */,
				24EBB10E2332236400B95E25 /* AFOAudioCache.h */,
				24EBB0E92332236400B95E25 /* AFOAudioCache.m */,
				24EBB0EA2332236400B95E25 /* AFOAudioDecoder.h */,
				24EBB10C2332236400B95E25 /* AFOAudioDecoder.m */,
				24EBB0F52332236400B95E25 /* AFOAudioQueue.h */,
				24EBB1122332236400B95E25 /* AFOAudioQueue.m */,
				24EBB0DD2332236400B95E25 /* AFOAudioOutPut.h */,
				24EBB0F82332236400B95E25 /* AFOAudioOutPut.m */,
				24EBB1072332236400B95E25 /* AFOAudioPacket.h */,
				24EBB0EF2332236400B95E25 /* AFOAudioPacket.m */,
				24EBB0FB2332236400B95E25 /* AFOAudioSession.h */,
				24EBB0DA2332236400B95E25 /* AFOAudioSession.m */,
				24EBB0E52332236400B95E25 /* AFOAudioThreadDecoder.h */,
				24EBB1012332236400B95E25 /* AFOAudioThreadDecoder.m */,
			);
			path = audio;
			sourceTree = "<group>";
		};
		24BBD96623335CE7006F920E /* vedio */ = {
			isa = PBXGroup;
			children = (
				24BBD96F23335ECE006F920E /* decoder */,
				24BBD96E23335EBB006F920E /* openGL */,
				24BBD96D23335E75006F920E /* RGB */,
				24BBD96C23335E58006F920E /* timer */,
				24BBD96B23335E40006F920E /* yuv */,
				24BBD96923335E22006F920E /* mediaSeek */,
				24BBD96823335DB9006F920E /* mediaPlay */,
				24BBD97023335F17006F920E /* error */,
				24BBD97423335FDB006F920E /* models */,
			);
			path = vedio;
			sourceTree = "<group>";
		};
		24BBD96823335DB9006F920E /* mediaPlay */ = {
			isa = PBXGroup;
			children = (
				24DAD2492331CA6F001D2CE4 /* AFOMediaPlayController.h */,
				24EBB1112332236400B95E25 /* AFOMediaPlayController.m */,
				24EBB10F2332236400B95E25 /* AFOPlayMediaManager.h */,
				24EBB0F62332236400B95E25 /* AFOPlayMediaManager.m */,
				24EBB0E32332236400B95E25 /* AFOMediaPlayControllerCategory.h */,
				24EBB0DF2332236400B95E25 /* AFOMediaPlayController+AFOOrientation.h */,
				24EBB0F12332236400B95E25 /* AFOMediaPlayController+AFOGestures.m */,
				24EBB1052332236400B95E25 /* AFOMediaPlayController+AFOOrientation.m */,
				24EBB1162332236400B95E25 /* AFOMediaPlayController+AFOGestures.h */,
			);
			path = mediaPlay;
			sourceTree = "<group>";
		};
		24BBD96923335E22006F920E /* mediaSeek */ = {
			isa = PBXGroup;
			children = (
				24EBB0E62332236400B95E25 /* AFOMediaSeekFrame.h */,
				24EBB1002332236400B95E25 /* AFOMediaSeekFrame.m */,
				24EBB0E42332236400B95E25 /* AFOMediaSeekFrame+Conditional.h */,
				24EBB1022332236400B95E25 /* AFOMediaSeekFrame+Conditional.m */,
			);
			path = mediaSeek;
			sourceTree = "<group>";
		};
		24BBD96B23335E40006F920E /* yuv */ = {
			isa = PBXGroup;
			children = (
				24EBB1092332236400B95E25 /* AFOVideoFrameYUV.h */,
				24EBB0EE2332236400B95E25 /* AFOVideoFrameYUV.m */,
				24EBB0E22332236400B95E25 /* AFOMediaYUV.h */,
				24EBB1032332236400B95E25 /* AFOMediaYUV.m */,
			);
			path = yuv;
			sourceTree = "<group>";
		};
		24BBD96C23335E58006F920E /* timer */ = {
			isa = PBXGroup;
			children = (
				24EBB0F22332236400B95E25 /* AFOMediaTimer.h */,
				24EBB1152332236400B95E25 /* AFOMediaTimer.m */,
			);
			path = timer;
			sourceTree = "<group>";
		};
		24BBD96D23335E75006F920E /* RGB */ = {
			isa = PBXGroup;
			children = (
				24EBB1132332236400B95E25 /* AFOVideoFrameRGB.h */,
				24EBB0F42332236400B95E25 /* AFOVideoFrameRGB.m */,
			);
			path = RGB;
			sourceTree = "<group>";
		};
		24BBD96E23335EBB006F920E /* openGL */ = {
			isa = PBXGroup;
			children = (
				24EBB0D82332236400B95E25 /* AFOMediaOpenGLView.h */,
				24EBB0FE2332236400B95E25 /* AFOMediaOpenGLView.m */,
			);
			path = openGL;
			sourceTree = "<group>";
		};
		24BBD96F23335ECE006F920E /* decoder */ = {
			isa = PBXGroup;
			children = (
				24EBB0F92332236400B95E25 /* AFOMediaDecoder.h */,
				24EBB0DC2332236400B95E25 /* AFOMediaDecoder.m */,
			);
			path = decoder;
			sourceTree = "<group>";
		};
		24BBD97023335F17006F920E /* error */ = {
			isa = PBXGroup;
			children = (
				24EBB0F02332236400B95E25 /* AFOMediaErrorCodeManager.h */,
				24EBB1172332236400B95E25 /* AFOMediaErrorCodeManager.m */,
				24EBB0E02332236400B95E25 /* AFOMediaErrorString.h */,
			);
			path = error;
			sourceTree = "<group>";
		};
		24BBD97423335FDB006F920E /* models */ = {
			isa = PBXGroup;
			children = (
				24EBB0FA2332236400B95E25 /* AFOMediaManager.h */,
				24EBB0DB2332236400B95E25 /* AFOMediaManager.m */,
				24EBB0D92332236400B95E25 /* AFOVideoFrame.h */,
				24EBB0FC2332236400B95E25 /* AFOVideoFrame.m */,
				24EBB0ED2332236400B95E25 /* AFOMediaView.h */,
				24EBB1082332236400B95E25 /* AFOMediaView.m */,
				24EBB0E72332236400B95E25 /* AFOVideoAudioManager.h */,
				24EBB0FF2332236400B95E25 /* AFOVideoAudioManager.m */,
				24EBB1062332236400B95E25 /* AFOMediaControlView.h */,
				24EBB0DE2332236400B95E25 /* AFOMediaControlView.m */,
				24EBB1042332236400B95E25 /* AFOMediaFrame.h */,
				24EBB0E12332236400B95E25 /* AFOMediaFrame.m */,
				24EBB0E82332236400B95E25 /* AFOMediaConditional.h */,
				24EBB10D2332236400B95E25 /* AFOMediaConditional.m */,
				24EBB0EC2332236400B95E25 /* AFOMediaThumbnail.h */,
				24EBB10A2332236400B95E25 /* AFOMediaThumbnail.m */,
				24EBB1142332236400B95E25 /* AFOGenerateImages.h */,
				24EBB0F32332236400B95E25 /* AFOGenerateImages.m */,
				24EBB0F72332236400B95E25 /* AFOMediaQueueManager.h */,
				24EBB1102332236400B95E25 /* AFOMediaQueueManager.m */,
				24EBB0FD2332236400B95E25 /* AFOMediaFrameImport.h */,
			);
			path = models;
			sourceTree = "<group>";
		};
		24DAD34F23321178001D2CE4 /* x264 */ = {
			isa = PBXGroup;
			children = (
				24DAD35023321178001D2CE4 /* include */,
				24DAD35323321178001D2CE4 /* lib */,
			);
			path = x264;
			sourceTree = "<group>";
		};
		24DAD35023321178001D2CE4 /* include */ = {
			isa = PBXGroup;
			children = (
				24DAD35123321178001D2CE4 /* x264_config.h */,
				24DAD35223321178001D2CE4 /* x264.h */,
			);
			path = include;
			sourceTree = "<group>";
		};
		24DAD35323321178001D2CE4 /* lib */ = {
			isa = PBXGroup;
			children = (
				24DAD35423321178001D2CE4 /* libx264.a */,
			);
			path = lib;
			sourceTree = "<group>";
		};
		24E593432331188800682DF7 /* FFmpeg */ = {
			isa = PBXGroup;
			children = (
				24E593442331188800682DF7 /* include */,
				24E593BC2331188800682DF7 /* lib */,
			);
			path = FFmpeg;
			sourceTree = "<group>";
		};
		24E593442331188800682DF7 /* include */ = {
			isa = PBXGroup;
			children = (
				24E593452331188800682DF7 /* libpostproc */,
				24E593482331188800682DF7 /* libavfilter */,
				24E5934E2331188800682DF7 /* libavutil */,
				24E5939D2331188800682DF7 /* libavdevice */,
				24E593A02331188800682DF7 /* libavformat */,
				24E593A42331188800682DF7 /* libswscale */,
				24E593A72331188800682DF7 /* libavcodec */,
				24E593B92331188800682DF7 /* libswresample */,
			);
			path = include;
			sourceTree = "<group>";
		};
		24E593452331188800682DF7 /* libpostproc */ = {
			isa = PBXGroup;
			children = (
				24E593462331188800682DF7 /* version.h */,
				24E593472331188800682DF7 /* postprocess.h */,
			);
			path = libpostproc;
			sourceTree = "<group>";
		};
		24E593482331188800682DF7 /* libavfilter */ = {
			isa = PBXGroup;
			children = (
				24E593492331188800682DF7 /* version.h */,
				24E5934A2331188800682DF7 /* buffersrc.h */,
				24E5934B2331188800682DF7 /* buffersink.h */,
				24E5934C2331188800682DF7 /* avfilter.h */,
				24E5934D2331188800682DF7 /* avfiltergraph.h */,
			);
			path = libavfilter;
			sourceTree = "<group>";
		};
		24E5934E2331188800682DF7 /* libavutil */ = {
			isa = PBXGroup;
			children = (
				24E5934F2331188800682DF7 /* hwcontext.h */,
				24E593502331188800682DF7 /* time.h */,
				24E593512331188800682DF7 /* hwcontext_cuda.h */,
				24E593522331188800682DF7 /* intfloat.h */,
				24E593532331188800682DF7 /* error.h */,
				24E593542331188800682DF7 /* fifo.h */,
				24E593552331188800682DF7 /* blowfish.h */,
				24E593562331188800682DF7 /* replaygain.h */,
				24E593572331188800682DF7 /* version.h */,
				24E593582331188800682DF7 /* murmur3.h */,
				24E593592331188800682DF7 /* stereo3d.h */,
				24E5935A2331188800682DF7 /* samplefmt.h */,
				24E5935B2331188800682DF7 /* pixdesc.h */,
				24E5935C2331188800682DF7 /* base64.h */,
				24E5935D2331188800682DF7 /* rational.h */,
				24E5935E2331188800682DF7 /* sha.h */,
				24E5935F2331188800682DF7 /* motion_vector.h */,
				24E593602331188800682DF7 /* avconfig.h */,
				24E593612331188800682DF7 /* lfg.h */,
				24E593622331188800682DF7 /* avutil.h */,
				24E593632331188800682DF7 /* xtea.h */,
				24E593642331188800682DF7 /* crc.h */,
				24E593652331188800682DF7 /* hwcontext_vdpau.h */,
				24E593662331188800682DF7 /* frame.h */,
				24E593672331188800682DF7 /* file.h */,
				24E593682331188800682DF7 /* md5.h */,
				24E593692331188800682DF7 /* cast5.h */,
				24E5936A2331188800682DF7 /* hwcontext_vaapi.h */,
				24E5936B2331188800682DF7 /* spherical.h */,
				24E5936C2331188800682DF7 /* ffversion.h */,
				24E5936D2331188800682DF7 /* audio_fifo.h */,
				24E5936E2331188800682DF7 /* tree.h */,
				24E5936F2331188800682DF7 /* threadmessage.h */,
				24E593702331188800682DF7 /* attributes.h */,
				24E593712331188800682DF7 /* adler32.h */,
				24E593722331188800682DF7 /* hwcontext_d3d11va.h */,
				24E593732331188800682DF7 /* timecode.h */,
				24E593742331188800682DF7 /* sha512.h */,
				24E593752331188800682DF7 /* hwcontext_dxva2.h */,
				24E593762331188800682DF7 /* display.h */,
				24E593772331188800682DF7 /* buffer.h */,
				24E593782331188800682DF7 /* camellia.h */,
				24E593792331188800682DF7 /* pixelutils.h */,
				24E5937A2331188800682DF7 /* hwcontext_drm.h */,
				24E5937B2331188800682DF7 /* common.h */,
				24E5937C2331188800682DF7 /* hmac.h */,
				24E5937D2331188800682DF7 /* eval.h */,
				24E5937E2331188800682DF7 /* dict.h */,
				24E5937F2331188800682DF7 /* random_seed.h */,
				24E593802331188800682DF7 /* opt.h */,
				24E593812331188800682DF7 /* mastering_display_metadata.h */,
				24E593822331188800682DF7 /* log.h */,
				24E593832331188800682DF7 /* aes.h */,
				24E593842331188800682DF7 /* macros.h */,
				24E593852331188800682DF7 /* bswap.h */,
				24E593862331188800682DF7 /* rc4.h */,
				24E593872331188800682DF7 /* tea.h */,
				24E593882331188800682DF7 /* cpu.h */,
				24E593892331188800682DF7 /* lzo.h */,
				24E5938A2331188800682DF7 /* des.h */,
				24E5938B2331188800682DF7 /* channel_layout.h */,
				24E5938C2331188800682DF7 /* twofish.h */,
				24E5938D2331188800682DF7 /* imgutils.h */,
				24E5938E2331188800682DF7 /* hwcontext_videotoolbox.h */,
				24E5938F2331188800682DF7 /* mem.h */,
				24E593902331188800682DF7 /* parseutils.h */,
				24E593912331188800682DF7 /* ripemd.h */,
				24E593922331188800682DF7 /* bprint.h */,
				24E593932331188800682DF7 /* hwcontext_qsv.h */,
				24E593942331188800682DF7 /* pixfmt.h */,
				24E593952331188800682DF7 /* aes_ctr.h */,
				24E593962331188800682DF7 /* timestamp.h */,
				24E593972331188800682DF7 /* downmix_info.h */,
				24E593982331188800682DF7 /* avassert.h */,
				24E593992331188800682DF7 /* hash.h */,
				24E5939A2331188800682DF7 /* mathematics.h */,
				24E5939B2331188800682DF7 /* intreadwrite.h */,
				24E5939C2331188800682DF7 /* avstring.h */,
			);
			path = libavutil;
			sourceTree = "<group>";
		};
		24E5939D2331188800682DF7 /* libavdevice */ = {
			isa = PBXGroup;
			children = (
				24E5939E2331188800682DF7 /* version.h */,
				24E5939F2331188800682DF7 /* avdevice.h */,
			);
			path = libavdevice;
			sourceTree = "<group>";
		};
		24E593A02331188800682DF7 /* libavformat */ = {
			isa = PBXGroup;
			children = (
				24E593A12331188800682DF7 /* version.h */,
				24E593A22331188800682DF7 /* avio.h */,
				24E593A32331188800682DF7 /* avformat.h */,
			);
			path = libavformat;
			sourceTree = "<group>";
		};
		24E593A42331188800682DF7 /* libswscale */ = {
			isa = PBXGroup;
			children = (
				24E593A52331188800682DF7 /* version.h */,
				24E593A62331188800682DF7 /* swscale.h */,
			);
			path = libswscale;
			sourceTree = "<group>";
		};
		24E593A72331188800682DF7 /* libavcodec */ = {
			isa = PBXGroup;
			children = (
				24E593A82331188800682DF7 /* avcodec.h */,
				24E593A92331188800682DF7 /* version.h */,
				24E593AA2331188800682DF7 /* vdpau.h */,
				24E593AB2331188800682DF7 /* qsv.h */,
				24E593AC2331188800682DF7 /* vaapi.h */,
				24E593AD2331188800682DF7 /* videotoolbox.h */,
				24E593AE2331188800682DF7 /* xvmc.h */,
				24E593AF2331188800682DF7 /* mediacodec.h */,
				24E593B02331188800682DF7 /* d3d11va.h */,
				24E593B12331188800682DF7 /* avfft.h */,
				24E593B22331188800682DF7 /* vda.h */,
				24E593B32331188800682DF7 /* jni.h */,
				24E593B42331188800682DF7 /* dirac.h */,
				24E593B52331188800682DF7 /* avdct.h */,
				24E593B62331188800682DF7 /* vorbis_parser.h */,
				24E593B72331188800682DF7 /* dxva2.h */,
				24E593B82331188800682DF7 /* dv_profile.h */,
			);
			path = libavcodec;
			sourceTree = "<group>";
		};
		24E593B92331188800682DF7 /* libswresample */ = {
			isa = PBXGroup;
			children = (
				24E593BA2331188800682DF7 /* version.h */,
				24E593BB2331188800682DF7 /* swresample.h */,
			);
			path = libswresample;
			sourceTree = "<group>";
		};
		24E593BC2331188800682DF7 /* lib */ = {
			isa = PBXGroup;
			children = (
				24E593BD2331188800682DF7 /* libavutil.a */,
				24E593BE2331188800682DF7 /* libavfilter.a */,
				24E593BF2331188800682DF7 /* libavcodec.a */,
				24E593C02331188800682DF7 /* libpostproc.a */,
				24E593C12331188800682DF7 /* libavformat.a */,
				24E593C22331188800682DF7 /* libavdevice.a */,
				24E593C32331188800682DF7 /* libswresample.a */,
				24E593C42331188800682DF7 /* libswscale.a */,
			);
			path = lib;
			sourceTree = "<group>";
		};
		24E593C52331189A00682DF7 /* libyuv */ = {
			isa = PBXGroup;
			children = (
				24E593C62331189A00682DF7 /* include */,
				24E593DD2331189A00682DF7 /* lib */,
			);
			path = libyuv;
			sourceTree = "<group>";
		};
		24E593C62331189A00682DF7 /* include */ = {
			isa = PBXGroup;
			children = (
				24E593C72331189A00682DF7 /* libyuv.h */,
				24E593C82331189A00682DF7 /* libyuv */,
			);
			path = include;
			sourceTree = "<group>";
		};
		24E593C82331189A00682DF7 /* libyuv */ = {
			isa = PBXGroup;
			children = (
				24E593C92331189A00682DF7 /* scale_row.h */,
				24E593CA2331189A00682DF7 /* scale.h */,
				24E593CB2331189A00682DF7 /* version.h */,
				24E593CC2331189A00682DF7 /* cpu_id.h */,
				24E593CD2331189A00682DF7 /* video_common.h */,
				24E593CE2331189A00682DF7 /* compare_row.h */,
				24E593CF2331189A00682DF7 /* mjpeg_decoder.h */,
				24E593D02331189A00682DF7 /* rotate_row.h */,
				24E593D12331189A00682DF7 /* planar_functions.h */,
				24E593D22331189A00682DF7 /* scale_argb.h */,
				24E593D32331189A00682DF7 /* compare.h */,
				24E593D42331189A00682DF7 /* convert_argb.h */,
				24E593D52331189A00682DF7 /* rotate.h */,
				24E593D62331189A00682DF7 /* convert_from_argb.h */,
				24E593D72331189A00682DF7 /* basic_types.h */,
				24E593D82331189A00682DF7 /* convert_from.h */,
				24E593D92331189A00682DF7 /* convert.h */,
				24E593DA2331189A00682DF7 /* rotate_argb.h */,
				24E593DB2331189A00682DF7 /* macros_msa.h */,
				24E593DC2331189A00682DF7 /* row.h */,
			);
			path = libyuv;
			sourceTree = "<group>";
		};
		24E593DD2331189A00682DF7 /* lib */ = {
			isa = PBXGroup;
			children = (
				24E593DE2331189A00682DF7 /* libyuv.a */,
			);
			path = lib;
			sourceTree = "<group>";
		};
		24EBB0D62332236400B95E25 /* media */ = {
			isa = PBXGroup;
			children = (
				24BBD96623335CE7006F920E /* vedio */,
				24BBD96523335CAA006F920E /* audio */,
			);
			path = media;
			sourceTree = "<group>";
		};
		D355983552DD45887E11029F /* Pods */ = {
			isa = PBXGroup;
			children = (
				C215BB64AD96FF0492A70BBA /* Pods-AFOFFMpeg.debug.xcconfig */,
				8D4CA313006449D6B479D8FD /* Pods-AFOFFMpeg.release.xcconfig */,
			);
			path = Pods;
			sourceTree = "<group>";
		};
/* End PBXGroup section */

/* Begin PBXHeadersBuildPhase section */
		24BAFDB81FF4B12900D2EAB9 /* Headers */ = {
			isa = PBXHeadersBuildPhase;
			buildActionMask = 2147483647;
			files = (
				24BAFDC01FF4B12900D2EAB9 /* AFOFFMpeg.h in Headers */,
				240487632008459600D369FB /* AFOMediaForeignInterface.h in Headers */,
				24DAD34E23321151001D2CE4 /* AFOMediaPlayController.h in Headers */,
				24EBB092233214C000B95E25 /* AFOFFMpeg.pch in Headers */,
			);
			runOnlyForDeploymentPostprocessing = 0;
		};
/* End PBXHeadersBuildPhase section */

/* Begin PBXNativeTarget section */
		24BAFDBA1FF4B12900D2EAB9 /* AFOFFMpeg */ = {
			isa = PBXNativeTarget;
			buildConfigurationList = 24BAFDC31FF4B12900D2EAB9 /* Build configuration list for PBXNativeTarget "AFOFFMpeg" */;
			buildPhases = (
				2C4FF7EA286325D2E2E38260 /* [CP] Check Pods Manifest.lock */,
				24BAFDB61FF4B12900D2EAB9 /* Sources */,
				24BAFDB71FF4B12900D2EAB9 /* Frameworks */,
				24BAFDB81FF4B12900D2EAB9 /* Headers */,
				24BAFDB91FF4B12900D2EAB9 /* Resources */,
				24BAFED81FF4D9A200D2EAB9 /* CopyFiles */,
			);
			buildRules = (
			);
			dependencies = (
			);
			name = AFOFFMpeg;
			productName = AFOFFMpeg;
			productReference = 24BAFDBB1FF4B12900D2EAB9 /* AFOFFMpeg.framework */;
			productType = "com.apple.product-type.framework";
		};
/* End PBXNativeTarget section */

/* Begin PBXProject section */
		24BAFDB21FF4B12900D2EAB9 /* Project object */ = {
			isa = PBXProject;
			attributes = {
				LastUpgradeCheck = 1030;
				ORGANIZATIONNAME = "AFO Science and technology Ltd";
				TargetAttributes = {
					24BAFDBA1FF4B12900D2EAB9 = {
						CreatedOnToolsVersion = 9.2;
						ProvisioningStyle = Automatic;
					};
				};
			};
			buildConfigurationList = 24BAFDB51FF4B12900D2EAB9 /* Build configuration list for PBXProject "AFOFFMpeg" */;
			compatibilityVersion = "Xcode 8.0";
			developmentRegion = en;
			hasScannedForEncodings = 0;
			knownRegions = (
				en,
			);
			mainGroup = 24BAFDB11FF4B12900D2EAB9;
			productRefGroup = 24BAFDBC1FF4B12900D2EAB9 /* Products */;
			projectDirPath = "";
			projectRoot = "";
			targets = (
				24BAFDBA1FF4B12900D2EAB9 /* AFOFFMpeg */,
			);
		};
/* End PBXProject section */

/* Begin PBXResourcesBuildPhase section */
		24BAFDB91FF4B12900D2EAB9 /* Resources */ = {
			isa = PBXResourcesBuildPhase;
			buildActionMask = 2147483647;
			files = (
			);
			runOnlyForDeploymentPostprocessing = 0;
		};
/* End PBXResourcesBuildPhase section */

/* Begin PBXShellScriptBuildPhase section */
		2C4FF7EA286325D2E2E38260 /* [CP] Check Pods Manifest.lock */ = {
			isa = PBXShellScriptBuildPhase;
			buildActionMask = 2147483647;
			files = (
			);
			inputFileListPaths = (
			);
			inputPaths = (
				"${PODS_PODFILE_DIR_PATH}/Podfile.lock",
				"${PODS_ROOT}/Manifest.lock",
			);
			name = "[CP] Check Pods Manifest.lock";
			outputFileListPaths = (
			);
			outputPaths = (
				"$(DERIVED_FILE_DIR)/Pods-AFOFFMpeg-checkManifestLockResult.txt",
			);
			runOnlyForDeploymentPostprocessing = 0;
			shellPath = /bin/sh;
			shellScript = "diff \"${PODS_PODFILE_DIR_PATH}/Podfile.lock\" \"${PODS_ROOT}/Manifest.lock\" > /dev/null\nif [ $? != 0 ] ; then\n    # print error to STDERR\n    echo \"error: The sandbox is not in sync with the Podfile.lock. Run 'pod install' or update your CocoaPods installation.\" >&2\n    exit 1\nfi\n# This output is used by Xcode 'outputs' to avoid re-running this script phase.\necho \"SUCCESS\" > \"${SCRIPT_OUTPUT_FILE_0}\"\n";
			showEnvVarsInLog = 0;
		};
/* End PBXShellScriptBuildPhase section */

/* Begin PBXSourcesBuildPhase section */
		24BAFDB61FF4B12900D2EAB9 /* Sources */ = {
			isa = PBXSourcesBuildPhase;
			buildActionMask = 2147483647;
			files = (
				24BBD97323335FC2006F920E /* AFOMediaPlayController.m in Sources */,
				24BBD96323335C4A006F920E /* AFOMediaForeignInterface.m in Sources */,
				24BBD96A23335E36006F920E /* AFOMediaSeekFrame+Conditional.m in Sources */,
				24BBD96423335C7E006F920E /* AFOMediaSeekFrame.m in Sources */,
				24BBD97223335FB9006F920E /* AFOPlayMediaManager.m in Sources */,
			);
			runOnlyForDeploymentPostprocessing = 0;
		};
/* End PBXSourcesBuildPhase section */

/* Begin XCBuildConfiguration section */
		24BAFDC11FF4B12900D2EAB9 /* Debug */ = {
			isa = XCBuildConfiguration;
			buildSettings = {
				ALWAYS_SEARCH_USER_PATHS = NO;
				CLANG_ANALYZER_NONNULL = YES;
				CLANG_ANALYZER_NUMBER_OBJECT_CONVERSION = YES_AGGRESSIVE;
				CLANG_CXX_LANGUAGE_STANDARD = "gnu++14";
				CLANG_CXX_LIBRARY = "libc++";
				CLANG_ENABLE_MODULES = YES;
				CLANG_ENABLE_OBJC_ARC = YES;
				CLANG_WARN_BLOCK_CAPTURE_AUTORELEASING = YES;
				CLANG_WARN_BOOL_CONVERSION = YES;
				CLANG_WARN_COMMA = YES;
				CLANG_WARN_CONSTANT_CONVERSION = YES;
				CLANG_WARN_DEPRECATED_OBJC_IMPLEMENTATIONS = YES;
				CLANG_WARN_DIRECT_OBJC_ISA_USAGE = YES_ERROR;
				CLANG_WARN_DOCUMENTATION_COMMENTS = YES;
				CLANG_WARN_EMPTY_BODY = YES;
				CLANG_WARN_ENUM_CONVERSION = YES;
				CLANG_WARN_INFINITE_RECURSION = YES;
				CLANG_WARN_INT_CONVERSION = YES;
				CLANG_WARN_NON_LITERAL_NULL_CONVERSION = YES;
				CLANG_WARN_OBJC_IMPLICIT_RETAIN_SELF = YES;
				CLANG_WARN_OBJC_LITERAL_CONVERSION = YES;
				CLANG_WARN_OBJC_ROOT_CLASS = YES_ERROR;
				CLANG_WARN_RANGE_LOOP_ANALYSIS = YES;
				CLANG_WARN_STRICT_PROTOTYPES = YES;
				CLANG_WARN_SUSPICIOUS_MOVE = YES;
				CLANG_WARN_UNGUARDED_AVAILABILITY = YES_AGGRESSIVE;
				CLANG_WARN_UNREACHABLE_CODE = YES;
				CLANG_WARN__DUPLICATE_METHOD_MATCH = YES;
				CODE_SIGN_IDENTITY = "iPhone Developer";
				COPY_PHASE_STRIP = NO;
				CURRENT_PROJECT_VERSION = 1;
				DEBUG_INFORMATION_FORMAT = dwarf;
				ENABLE_STRICT_OBJC_MSGSEND = YES;
				ENABLE_TESTABILITY = YES;
				GCC_C_LANGUAGE_STANDARD = gnu11;
				GCC_DYNAMIC_NO_PIC = NO;
				GCC_NO_COMMON_BLOCKS = YES;
				GCC_OPTIMIZATION_LEVEL = 0;
				GCC_PREPROCESSOR_DEFINITIONS = (
					"DEBUG=1",
					"$(inherited)",
				);
				GCC_WARN_64_TO_32_BIT_CONVERSION = YES;
				GCC_WARN_ABOUT_RETURN_TYPE = YES_ERROR;
				GCC_WARN_UNDECLARED_SELECTOR = YES;
				GCC_WARN_UNINITIALIZED_AUTOS = YES_AGGRESSIVE;
				GCC_WARN_UNUSED_FUNCTION = YES;
				GCC_WARN_UNUSED_VARIABLE = YES;
				IPHONEOS_DEPLOYMENT_TARGET = 8.0;
				MTL_ENABLE_DEBUG_INFO = YES;
				ONLY_ACTIVE_ARCH = YES;
				SDKROOT = iphoneos;
				VERSIONING_SYSTEM = "apple-generic";
				VERSION_INFO_PREFIX = "";
			};
			name = Debug;
		};
		24BAFDC21FF4B12900D2EAB9 /* Release */ = {
			isa = XCBuildConfiguration;
			buildSettings = {
				ALWAYS_SEARCH_USER_PATHS = NO;
				CLANG_ANALYZER_NONNULL = YES;
				CLANG_ANALYZER_NUMBER_OBJECT_CONVERSION = YES_AGGRESSIVE;
				CLANG_CXX_LANGUAGE_STANDARD = "gnu++14";
				CLANG_CXX_LIBRARY = "libc++";
				CLANG_ENABLE_MODULES = YES;
				CLANG_ENABLE_OBJC_ARC = YES;
				CLANG_WARN_BLOCK_CAPTURE_AUTORELEASING = YES;
				CLANG_WARN_BOOL_CONVERSION = YES;
				CLANG_WARN_COMMA = YES;
				CLANG_WARN_CONSTANT_CONVERSION = YES;
				CLANG_WARN_DEPRECATED_OBJC_IMPLEMENTATIONS = YES;
				CLANG_WARN_DIRECT_OBJC_ISA_USAGE = YES_ERROR;
				CLANG_WARN_DOCUMENTATION_COMMENTS = YES;
				CLANG_WARN_EMPTY_BODY = YES;
				CLANG_WARN_ENUM_CONVERSION = YES;
				CLANG_WARN_INFINITE_RECURSION = YES;
				CLANG_WARN_INT_CONVERSION = YES;
				CLANG_WARN_NON_LITERAL_NULL_CONVERSION = YES;
				CLANG_WARN_OBJC_IMPLICIT_RETAIN_SELF = YES;
				CLANG_WARN_OBJC_LITERAL_CONVERSION = YES;
				CLANG_WARN_OBJC_ROOT_CLASS = YES_ERROR;
				CLANG_WARN_RANGE_LOOP_ANALYSIS = YES;
				CLANG_WARN_STRICT_PROTOTYPES = YES;
				CLANG_WARN_SUSPICIOUS_MOVE = YES;
				CLANG_WARN_UNGUARDED_AVAILABILITY = YES_AGGRESSIVE;
				CLANG_WARN_UNREACHABLE_CODE = YES;
				CLANG_WARN__DUPLICATE_METHOD_MATCH = YES;
				CODE_SIGN_IDENTITY = "iPhone Developer";
				COPY_PHASE_STRIP = NO;
				CURRENT_PROJECT_VERSION = 1;
				DEBUG_INFORMATION_FORMAT = "dwarf-with-dsym";
				ENABLE_NS_ASSERTIONS = NO;
				ENABLE_STRICT_OBJC_MSGSEND = YES;
				GCC_C_LANGUAGE_STANDARD = gnu11;
				GCC_NO_COMMON_BLOCKS = YES;
				GCC_WARN_64_TO_32_BIT_CONVERSION = YES;
				GCC_WARN_ABOUT_RETURN_TYPE = YES_ERROR;
				GCC_WARN_UNDECLARED_SELECTOR = YES;
				GCC_WARN_UNINITIALIZED_AUTOS = YES_AGGRESSIVE;
				GCC_WARN_UNUSED_FUNCTION = YES;
				GCC_WARN_UNUSED_VARIABLE = YES;
				IPHONEOS_DEPLOYMENT_TARGET = 8.0;
				MTL_ENABLE_DEBUG_INFO = NO;
				SDKROOT = iphoneos;
				VALIDATE_PRODUCT = YES;
				VERSIONING_SYSTEM = "apple-generic";
				VERSION_INFO_PREFIX = "";
			};
			name = Release;
		};
		24BAFDC41FF4B12900D2EAB9 /* Debug */ = {
			isa = XCBuildConfiguration;
			baseConfigurationReference = C215BB64AD96FF0492A70BBA /* Pods-AFOFFMpeg.debug.xcconfig */;
			buildSettings = {
				ALWAYS_EMBED_SWIFT_STANDARD_LIBRARIES = "$(inherited)";
				CLANG_WARN_DEPRECATED_OBJC_IMPLEMENTATIONS = NO;
				CODE_SIGN_IDENTITY = "";
				CODE_SIGN_STYLE = Automatic;
				DEFINES_MODULE = YES;
				DEVELOPMENT_TEAM = 7XP5ZBK9EN;
				DYLIB_COMPATIBILITY_VERSION = 1;
				DYLIB_CURRENT_VERSION = 1;
				DYLIB_INSTALL_NAME_BASE = "@rpath";
				ENABLE_BITCODE = NO;
				FRAMEWORK_SEARCH_PATHS = "$(inherited)";
				GCC_GENERATE_DEBUGGING_SYMBOLS = YES;
				GCC_PRECOMPILE_PREFIX_HEADER = YES;
				GCC_PREFIX_HEADER = "$(SRCROOT)/$(PRODUCT_NAME)/AFOFFMpeg.pch";
				HEADER_SEARCH_PATHS = (
					"$(SRCROOT)/AFOFFMpeg/libyuv/include/**",
					"$(SRCROOT)/AFOFFMpeg/FFmpeg/include/**",
				);
				INFOPLIST_FILE = "";
				INSTALL_PATH = "$(LOCAL_LIBRARY_DIR)/Frameworks";
				LD_RUNPATH_SEARCH_PATHS = "$(inherited) @executable_path/Frameworks @loader_path/Frameworks";
				LIBRARY_SEARCH_PATHS = (
					"$(inherited)",
					"$(PROJECT_DIR)/AFOFFMpeg/FFmpeg/lib",
					"$(PROJECT_DIR)/AFOFFMpeg/x264/lib",
					"$(PROJECT_DIR)/AFOFFMpeg/aac/lib",
					"$(PROJECT_DIR)/AFOFFMpeg/libyuv/lib",
					"$(PROJECT_DIR)/AFOFFMpeg/libxvidcore/lib",
				);
				MACH_O_TYPE = staticlib;
				OTHER_LDFLAGS = (
					"-ObjC",
					"-all_load",
					"$(inherited)",
				);
				PRODUCT_BUNDLE_IDENTIFIER = com.youku.AFOFFMpeg;
				PRODUCT_NAME = "$(TARGET_NAME:c99extidentifier)";
				REZ_SEARCH_PATHS = "";
				SKIP_INSTALL = YES;
				TARGETED_DEVICE_FAMILY = 1;
				USER_HEADER_SEARCH_PATHS = "";
			};
			name = Debug;
		};
		24BAFDC51FF4B12900D2EAB9 /* Release */ = {
			isa = XCBuildConfiguration;
			baseConfigurationReference = 8D4CA313006449D6B479D8FD /* Pods-AFOFFMpeg.release.xcconfig */;
			buildSettings = {
				ALWAYS_EMBED_SWIFT_STANDARD_LIBRARIES = "$(inherited)";
				CLANG_WARN_DEPRECATED_OBJC_IMPLEMENTATIONS = NO;
				CODE_SIGN_IDENTITY = "";
				CODE_SIGN_STYLE = Automatic;
				DEFINES_MODULE = YES;
				DEVELOPMENT_TEAM = 7XP5ZBK9EN;
				DYLIB_COMPATIBILITY_VERSION = 1;
				DYLIB_CURRENT_VERSION = 1;
				DYLIB_INSTALL_NAME_BASE = "@rpath";
				ENABLE_BITCODE = NO;
				FRAMEWORK_SEARCH_PATHS = "$(inherited)";
				GCC_GENERATE_DEBUGGING_SYMBOLS = YES;
				GCC_PRECOMPILE_PREFIX_HEADER = YES;
				GCC_PREFIX_HEADER = "$(SRCROOT)/$(PRODUCT_NAME)/AFOFFMpeg.pch";
				HEADER_SEARCH_PATHS = (
					"$(SRCROOT)/AFOFFMpeg/libyuv/include/**",
					"$(SRCROOT)/AFOFFMpeg/FFmpeg/include/**",
				);
				INFOPLIST_FILE = "";
				INSTALL_PATH = "$(LOCAL_LIBRARY_DIR)/Frameworks";
				LD_RUNPATH_SEARCH_PATHS = "$(inherited) @executable_path/Frameworks @loader_path/Frameworks";
				LIBRARY_SEARCH_PATHS = (
					"$(inherited)",
					"$(PROJECT_DIR)/AFOFFMpeg/FFmpeg/lib",
					"$(PROJECT_DIR)/AFOFFMpeg/x264/lib",
					"$(PROJECT_DIR)/AFOFFMpeg/aac/lib",
					"$(PROJECT_DIR)/AFOFFMpeg/libYUV/lib",
					"$(PROJECT_DIR)/AFOFFMpeg/libxvidcore/lib",
					"$(PROJECT_DIR)/AFOFFMpeg/libyuv/lib",
				);
				MACH_O_TYPE = staticlib;
				OTHER_LDFLAGS = (
					"-ObjC",
					"-all_load",
					"$(inherited)",
				);
				PRODUCT_BUNDLE_IDENTIFIER = com.youku.AFOFFMpeg;
				PRODUCT_NAME = "$(TARGET_NAME:c99extidentifier)";
				REZ_SEARCH_PATHS = "";
				SKIP_INSTALL = YES;
				TARGETED_DEVICE_FAMILY = 1;
				USER_HEADER_SEARCH_PATHS = "";
			};
			name = Release;
		};
/* End XCBuildConfiguration section */

/* Begin XCConfigurationList section */
		24BAFDB51FF4B12900D2EAB9 /* Build configuration list for PBXProject "AFOFFMpeg" */ = {
			isa = XCConfigurationList;
			buildConfigurations = (
				24BAFDC11FF4B12900D2EAB9 /* Debug */,
				24BAFDC21FF4B12900D2EAB9 /* Release */,
			);
			defaultConfigurationIsVisible = 0;
			defaultConfigurationName = Release;
		};
		24BAFDC31FF4B12900D2EAB9 /* Build configuration list for PBXNativeTarget "AFOFFMpeg" */ = {
			isa = XCConfigurationList;
			buildConfigurations = (
				24BAFDC41FF4B12900D2EAB9 /* Debug */,
				24BAFDC51FF4B12900D2EAB9 /* Release */,
			);
			defaultConfigurationIsVisible = 0;
			defaultConfigurationName = Release;
		};
/* End XCConfigurationList section */
	};
	rootObject = 24BAFDB21FF4B12900D2EAB9 /* Project object */;
}
